{
    "version": 3,
    "terraform_version": "0.11.13",
    "serial": 4,
    "lineage": "b5579f63-7133-8a14-bbc4-49cb4c8032be",
    "modules": [
        {
            "path": [
                "root"
            ],
            "outputs": {},
            "resources": {},
            "depends_on": []
        },
        {
            "path": [
                "root",
                "AzureAV"
            ],
            "outputs": {
                "availability_set_id": {
                    "sensitive": false,
                    "type": "string",
                    "value": "/subscriptions/d47f1af8-9795-4e86-bbce-da72cfd0f8ec/resourceGroups/AzureHUB/providers/Microsoft.Compute/availabilitySets/AzureAV"
                },
                "firewalls_created": {
                    "sensitive": false,
                    "type": "map",
                    "value": {
                        "TSVMPAN-1": "20.189.139.46",
                        "TSVMPAN-2": "20.189.137.152"
                    }
                },
                "network_interface_ids_Management": {
                    "sensitive": false,
                    "type": "list",
                    "value": [
                        "/subscriptions/d47f1af8-9795-4e86-bbce-da72cfd0f8ec/resourceGroups/AzureHUB/providers/Microsoft.Network/networkInterfaces/TSVMPAN-1-mgmt",
                        "/subscriptions/d47f1af8-9795-4e86-bbce-da72cfd0f8ec/resourceGroups/AzureHUB/providers/Microsoft.Network/networkInterfaces/TSVMPAN-2-mgmt"
                    ]
                },
                "network_interface_ids_Trust": {
                    "sensitive": false,
                    "type": "list",
                    "value": [
                        "/subscriptions/d47f1af8-9795-4e86-bbce-da72cfd0f8ec/resourceGroups/AzureHUB/providers/Microsoft.Network/networkInterfaces/TSVMPAN-1-trust",
                        "/subscriptions/d47f1af8-9795-4e86-bbce-da72cfd0f8ec/resourceGroups/AzureHUB/providers/Microsoft.Network/networkInterfaces/TSVMPAN-2-trust"
                    ]
                },
                "network_interface_ids_Untrust": {
                    "sensitive": false,
                    "type": "list",
                    "value": [
                        "/subscriptions/d47f1af8-9795-4e86-bbce-da72cfd0f8ec/resourceGroups/AzureHUB/providers/Microsoft.Network/networkInterfaces/TSVMPAN-1-untrust",
                        "/subscriptions/d47f1af8-9795-4e86-bbce-da72cfd0f8ec/resourceGroups/AzureHUB/providers/Microsoft.Network/networkInterfaces/TSVMPAN-2-untrust"
                    ]
                },
                "network_interface_private_ip_management": {
                    "sensitive": false,
                    "type": "list",
                    "value": [
                        "10.217.130.69",
                        "10.217.130.68"
                    ]
                },
                "network_interface_private_ip_trust": {
                    "sensitive": false,
                    "type": "list",
                    "value": [
                        "10.217.130.37",
                        "10.217.130.38"
                    ]
                },
                "network_interface_private_ip_untrust": {
                    "sensitive": false,
                    "type": "list",
                    "value": [
                        "10.217.130.4",
                        "10.217.130.5"
                    ]
                },
                "network_security_group_id_open": {
                    "sensitive": false,
                    "type": "string",
                    "value": "/subscriptions/d47f1af8-9795-4e86-bbce-da72cfd0f8ec/resourceGroups/AzureHUB/providers/Microsoft.Network/networkSecurityGroups/open"
                },
                "network_security_group_id_ssh": {
                    "sensitive": false,
                    "type": "string",
                    "value": "/subscriptions/d47f1af8-9795-4e86-bbce-da72cfd0f8ec/resourceGroups/AzureHUB/providers/Microsoft.Network/networkSecurityGroups/mgmt"
                },
                "public_ip_address": {
                    "sensitive": false,
                    "type": "list",
                    "value": [
                        "20.189.139.46",
                        "20.189.137.152"
                    ]
                },
                "public_ip_id": {
                    "sensitive": false,
                    "type": "list",
                    "value": [
                        "/subscriptions/d47f1af8-9795-4e86-bbce-da72cfd0f8ec/resourceGroups/AzureHUB/providers/Microsoft.Network/publicIPAddresses/TSVMPAN-1-publicIP",
                        "/subscriptions/d47f1af8-9795-4e86-bbce-da72cfd0f8ec/resourceGroups/AzureHUB/providers/Microsoft.Network/publicIPAddresses/TSVMPAN-2-publicIP"
                    ]
                }
            },
            "resources": {
                "azurerm_availability_set.avset": {
                    "type": "azurerm_availability_set",
                    "depends_on": [
                        "azurerm_resource_group.vm"
                    ],
                    "primary": {
                        "id": "/subscriptions/d47f1af8-9795-4e86-bbce-da72cfd0f8ec/resourceGroups/AzureHUB/providers/Microsoft.Compute/availabilitySets/AzureAV",
                        "attributes": {
                            "id": "/subscriptions/d47f1af8-9795-4e86-bbce-da72cfd0f8ec/resourceGroups/AzureHUB/providers/Microsoft.Compute/availabilitySets/AzureAV",
                            "location": "westus",
                            "managed": "false",
                            "name": "AzureAV",
                            "platform_fault_domain_count": "3",
                            "platform_update_domain_count": "5",
                            "resource_group_name": "AzureHUB",
                            "tags.%": "0"
                        },
                        "meta": {},
                        "tainted": false
                    },
                    "deposed": [],
                    "provider": "provider.azurerm"
                },
                "azurerm_network_interface.Management.0": {
                    "type": "azurerm_network_interface",
                    "depends_on": [
                        "azurerm_network_security_group.ssh",
                        "azurerm_public_ip.pip.*",
                        "azurerm_resource_group.vm"
                    ],
                    "primary": {
                        "id": "/subscriptions/d47f1af8-9795-4e86-bbce-da72cfd0f8ec/resourceGroups/AzureHUB/providers/Microsoft.Network/networkInterfaces/TSVMPAN-1-mgmt",
                        "attributes": {
                            "applied_dns_servers.#": "0",
                            "dns_servers.#": "0",
                            "enable_accelerated_networking": "false",
                            "enable_ip_forwarding": "false",
                            "id": "/subscriptions/d47f1af8-9795-4e86-bbce-da72cfd0f8ec/resourceGroups/AzureHUB/providers/Microsoft.Network/networkInterfaces/TSVMPAN-1-mgmt",
                            "internal_dns_name_label": "",
                            "internal_fqdn": "",
                            "ip_configuration.#": "1",
                            "ip_configuration.0.application_gateway_backend_address_pools_ids.#": "0",
                            "ip_configuration.0.application_security_group_ids.#": "0",
                            "ip_configuration.0.load_balancer_backend_address_pools_ids.#": "0",
                            "ip_configuration.0.load_balancer_inbound_nat_rules_ids.#": "0",
                            "ip_configuration.0.name": "TSVMPAN-1-ip-0",
                            "ip_configuration.0.primary": "true",
                            "ip_configuration.0.private_ip_address": "",
                            "ip_configuration.0.private_ip_address_allocation": "dynamic",
                            "ip_configuration.0.private_ip_address_version": "IPv4",
                            "ip_configuration.0.public_ip_address_id": "/subscriptions/d47f1af8-9795-4e86-bbce-da72cfd0f8ec/resourceGroups/AzureHUB/providers/Microsoft.Network/publicIPAddresses/TSVMPAN-1-publicIP",
                            "ip_configuration.0.subnet_id": "/subscriptions/d47f1af8-9795-4e86-bbce-da72cfd0f8ec/resourceGroups/AzureHUB/providers/Microsoft.Network/virtualNetworks/SternTransitVNet/subnets/Management",
                            "location": "westus",
                            "mac_address": "",
                            "name": "TSVMPAN-1-mgmt",
                            "network_security_group_id": "/subscriptions/d47f1af8-9795-4e86-bbce-da72cfd0f8ec/resourceGroups/AzureHUB/providers/Microsoft.Network/networkSecurityGroups/mgmt",
                            "private_ip_address": "10.217.130.69",
                            "private_ip_addresses.#": "1",
                            "private_ip_addresses.0": "10.217.130.69",
                            "resource_group_name": "AzureHUB",
                            "tags.%": "0"
                        },
                        "meta": {},
                        "tainted": false
                    },
                    "deposed": [],
                    "provider": "provider.azurerm"
                },
                "azurerm_network_interface.Management.1": {
                    "type": "azurerm_network_interface",
                    "depends_on": [
                        "azurerm_network_security_group.ssh",
                        "azurerm_public_ip.pip.*",
                        "azurerm_resource_group.vm"
                    ],
                    "primary": {
                        "id": "/subscriptions/d47f1af8-9795-4e86-bbce-da72cfd0f8ec/resourceGroups/AzureHUB/providers/Microsoft.Network/networkInterfaces/TSVMPAN-2-mgmt",
                        "attributes": {
                            "applied_dns_servers.#": "0",
                            "dns_servers.#": "0",
                            "enable_accelerated_networking": "false",
                            "enable_ip_forwarding": "false",
                            "id": "/subscriptions/d47f1af8-9795-4e86-bbce-da72cfd0f8ec/resourceGroups/AzureHUB/providers/Microsoft.Network/networkInterfaces/TSVMPAN-2-mgmt",
                            "internal_dns_name_label": "",
                            "internal_fqdn": "",
                            "ip_configuration.#": "1",
                            "ip_configuration.0.application_gateway_backend_address_pools_ids.#": "0",
                            "ip_configuration.0.application_security_group_ids.#": "0",
                            "ip_configuration.0.load_balancer_backend_address_pools_ids.#": "0",
                            "ip_configuration.0.load_balancer_inbound_nat_rules_ids.#": "0",
                            "ip_configuration.0.name": "TSVMPAN-2-ip-0",
                            "ip_configuration.0.primary": "true",
                            "ip_configuration.0.private_ip_address": "",
                            "ip_configuration.0.private_ip_address_allocation": "dynamic",
                            "ip_configuration.0.private_ip_address_version": "IPv4",
                            "ip_configuration.0.public_ip_address_id": "/subscriptions/d47f1af8-9795-4e86-bbce-da72cfd0f8ec/resourceGroups/AzureHUB/providers/Microsoft.Network/publicIPAddresses/TSVMPAN-2-publicIP",
                            "ip_configuration.0.subnet_id": "/subscriptions/d47f1af8-9795-4e86-bbce-da72cfd0f8ec/resourceGroups/AzureHUB/providers/Microsoft.Network/virtualNetworks/SternTransitVNet/subnets/Management",
                            "location": "westus",
                            "mac_address": "",
                            "name": "TSVMPAN-2-mgmt",
                            "network_security_group_id": "/subscriptions/d47f1af8-9795-4e86-bbce-da72cfd0f8ec/resourceGroups/AzureHUB/providers/Microsoft.Network/networkSecurityGroups/mgmt",
                            "private_ip_address": "10.217.130.68",
                            "private_ip_addresses.#": "1",
                            "private_ip_addresses.0": "10.217.130.68",
                            "resource_group_name": "AzureHUB",
                            "tags.%": "0"
                        },
                        "meta": {},
                        "tainted": false
                    },
                    "deposed": [],
                    "provider": "provider.azurerm"
                },
                "azurerm_network_interface.Trust.0": {
                    "type": "azurerm_network_interface",
                    "depends_on": [
                        "azurerm_network_security_group.open",
                        "azurerm_resource_group.vm"
                    ],
                    "primary": {
                        "id": "/subscriptions/d47f1af8-9795-4e86-bbce-da72cfd0f8ec/resourceGroups/AzureHUB/providers/Microsoft.Network/networkInterfaces/TSVMPAN-1-trust",
                        "attributes": {
                            "applied_dns_servers.#": "0",
                            "dns_servers.#": "0",
                            "enable_accelerated_networking": "false",
                            "enable_ip_forwarding": "true",
                            "id": "/subscriptions/d47f1af8-9795-4e86-bbce-da72cfd0f8ec/resourceGroups/AzureHUB/providers/Microsoft.Network/networkInterfaces/TSVMPAN-1-trust",
                            "internal_dns_name_label": "",
                            "internal_fqdn": "",
                            "ip_configuration.#": "1",
                            "ip_configuration.0.application_gateway_backend_address_pools_ids.#": "0",
                            "ip_configuration.0.application_security_group_ids.#": "0",
                            "ip_configuration.0.load_balancer_backend_address_pools_ids.#": "0",
                            "ip_configuration.0.load_balancer_inbound_nat_rules_ids.#": "0",
                            "ip_configuration.0.name": "TSVMPAN-1-ip-0",
                            "ip_configuration.0.primary": "true",
                            "ip_configuration.0.private_ip_address": "",
                            "ip_configuration.0.private_ip_address_allocation": "dynamic",
                            "ip_configuration.0.private_ip_address_version": "IPv4",
                            "ip_configuration.0.public_ip_address_id": "",
                            "ip_configuration.0.subnet_id": "/subscriptions/d47f1af8-9795-4e86-bbce-da72cfd0f8ec/resourceGroups/AzureHUB/providers/Microsoft.Network/virtualNetworks/SternTransitVNet/subnets/Trust",
                            "location": "westus",
                            "mac_address": "",
                            "name": "TSVMPAN-1-trust",
                            "network_security_group_id": "/subscriptions/d47f1af8-9795-4e86-bbce-da72cfd0f8ec/resourceGroups/AzureHUB/providers/Microsoft.Network/networkSecurityGroups/open",
                            "private_ip_address": "10.217.130.37",
                            "private_ip_addresses.#": "1",
                            "private_ip_addresses.0": "10.217.130.37",
                            "resource_group_name": "AzureHUB",
                            "tags.%": "0"
                        },
                        "meta": {},
                        "tainted": false
                    },
                    "deposed": [],
                    "provider": "provider.azurerm"
                },
                "azurerm_network_interface.Trust.1": {
                    "type": "azurerm_network_interface",
                    "depends_on": [
                        "azurerm_network_security_group.open",
                        "azurerm_resource_group.vm"
                    ],
                    "primary": {
                        "id": "/subscriptions/d47f1af8-9795-4e86-bbce-da72cfd0f8ec/resourceGroups/AzureHUB/providers/Microsoft.Network/networkInterfaces/TSVMPAN-2-trust",
                        "attributes": {
                            "applied_dns_servers.#": "0",
                            "dns_servers.#": "0",
                            "enable_accelerated_networking": "false",
                            "enable_ip_forwarding": "true",
                            "id": "/subscriptions/d47f1af8-9795-4e86-bbce-da72cfd0f8ec/resourceGroups/AzureHUB/providers/Microsoft.Network/networkInterfaces/TSVMPAN-2-trust",
                            "internal_dns_name_label": "",
                            "internal_fqdn": "",
                            "ip_configuration.#": "1",
                            "ip_configuration.0.application_gateway_backend_address_pools_ids.#": "0",
                            "ip_configuration.0.application_security_group_ids.#": "0",
                            "ip_configuration.0.load_balancer_backend_address_pools_ids.#": "0",
                            "ip_configuration.0.load_balancer_inbound_nat_rules_ids.#": "0",
                            "ip_configuration.0.name": "TSVMPAN-2-ip-0",
                            "ip_configuration.0.primary": "true",
                            "ip_configuration.0.private_ip_address": "",
                            "ip_configuration.0.private_ip_address_allocation": "dynamic",
                            "ip_configuration.0.private_ip_address_version": "IPv4",
                            "ip_configuration.0.public_ip_address_id": "",
                            "ip_configuration.0.subnet_id": "/subscriptions/d47f1af8-9795-4e86-bbce-da72cfd0f8ec/resourceGroups/AzureHUB/providers/Microsoft.Network/virtualNetworks/SternTransitVNet/subnets/Trust",
                            "location": "westus",
                            "mac_address": "",
                            "name": "TSVMPAN-2-trust",
                            "network_security_group_id": "/subscriptions/d47f1af8-9795-4e86-bbce-da72cfd0f8ec/resourceGroups/AzureHUB/providers/Microsoft.Network/networkSecurityGroups/open",
                            "private_ip_address": "10.217.130.38",
                            "private_ip_addresses.#": "1",
                            "private_ip_addresses.0": "10.217.130.38",
                            "resource_group_name": "AzureHUB",
                            "tags.%": "0"
                        },
                        "meta": {},
                        "tainted": false
                    },
                    "deposed": [],
                    "provider": "provider.azurerm"
                },
                "azurerm_network_interface.Untrust.0": {
                    "type": "azurerm_network_interface",
                    "depends_on": [
                        "azurerm_network_security_group.open",
                        "azurerm_resource_group.vm"
                    ],
                    "primary": {
                        "id": "/subscriptions/d47f1af8-9795-4e86-bbce-da72cfd0f8ec/resourceGroups/AzureHUB/providers/Microsoft.Network/networkInterfaces/TSVMPAN-1-untrust",
                        "attributes": {
                            "applied_dns_servers.#": "0",
                            "dns_servers.#": "0",
                            "enable_accelerated_networking": "false",
                            "enable_ip_forwarding": "true",
                            "id": "/subscriptions/d47f1af8-9795-4e86-bbce-da72cfd0f8ec/resourceGroups/AzureHUB/providers/Microsoft.Network/networkInterfaces/TSVMPAN-1-untrust",
                            "internal_dns_name_label": "",
                            "internal_fqdn": "",
                            "ip_configuration.#": "1",
                            "ip_configuration.0.application_gateway_backend_address_pools_ids.#": "0",
                            "ip_configuration.0.application_security_group_ids.#": "0",
                            "ip_configuration.0.load_balancer_backend_address_pools_ids.#": "0",
                            "ip_configuration.0.load_balancer_inbound_nat_rules_ids.#": "0",
                            "ip_configuration.0.name": "TSVMPAN-1-ip-0",
                            "ip_configuration.0.primary": "true",
                            "ip_configuration.0.private_ip_address": "",
                            "ip_configuration.0.private_ip_address_allocation": "dynamic",
                            "ip_configuration.0.private_ip_address_version": "IPv4",
                            "ip_configuration.0.public_ip_address_id": "",
                            "ip_configuration.0.subnet_id": "/subscriptions/d47f1af8-9795-4e86-bbce-da72cfd0f8ec/resourceGroups/AzureHUB/providers/Microsoft.Network/virtualNetworks/SternTransitVNet/subnets/Untrust",
                            "location": "westus",
                            "mac_address": "",
                            "name": "TSVMPAN-1-untrust",
                            "network_security_group_id": "/subscriptions/d47f1af8-9795-4e86-bbce-da72cfd0f8ec/resourceGroups/AzureHUB/providers/Microsoft.Network/networkSecurityGroups/open",
                            "private_ip_address": "10.217.130.4",
                            "private_ip_addresses.#": "1",
                            "private_ip_addresses.0": "10.217.130.4",
                            "resource_group_name": "AzureHUB",
                            "tags.%": "0"
                        },
                        "meta": {},
                        "tainted": false
                    },
                    "deposed": [],
                    "provider": "provider.azurerm"
                },
                "azurerm_network_interface.Untrust.1": {
                    "type": "azurerm_network_interface",
                    "depends_on": [
                        "azurerm_network_security_group.open",
                        "azurerm_resource_group.vm"
                    ],
                    "primary": {
                        "id": "/subscriptions/d47f1af8-9795-4e86-bbce-da72cfd0f8ec/resourceGroups/AzureHUB/providers/Microsoft.Network/networkInterfaces/TSVMPAN-2-untrust",
                        "attributes": {
                            "applied_dns_servers.#": "0",
                            "dns_servers.#": "0",
                            "enable_accelerated_networking": "false",
                            "enable_ip_forwarding": "true",
                            "id": "/subscriptions/d47f1af8-9795-4e86-bbce-da72cfd0f8ec/resourceGroups/AzureHUB/providers/Microsoft.Network/networkInterfaces/TSVMPAN-2-untrust",
                            "internal_dns_name_label": "",
                            "internal_fqdn": "",
                            "ip_configuration.#": "1",
                            "ip_configuration.0.application_gateway_backend_address_pools_ids.#": "0",
                            "ip_configuration.0.application_security_group_ids.#": "0",
                            "ip_configuration.0.load_balancer_backend_address_pools_ids.#": "0",
                            "ip_configuration.0.load_balancer_inbound_nat_rules_ids.#": "0",
                            "ip_configuration.0.name": "TSVMPAN-2-ip-0",
                            "ip_configuration.0.primary": "true",
                            "ip_configuration.0.private_ip_address": "",
                            "ip_configuration.0.private_ip_address_allocation": "dynamic",
                            "ip_configuration.0.private_ip_address_version": "IPv4",
                            "ip_configuration.0.public_ip_address_id": "",
                            "ip_configuration.0.subnet_id": "/subscriptions/d47f1af8-9795-4e86-bbce-da72cfd0f8ec/resourceGroups/AzureHUB/providers/Microsoft.Network/virtualNetworks/SternTransitVNet/subnets/Untrust",
                            "location": "westus",
                            "mac_address": "",
                            "name": "TSVMPAN-2-untrust",
                            "network_security_group_id": "/subscriptions/d47f1af8-9795-4e86-bbce-da72cfd0f8ec/resourceGroups/AzureHUB/providers/Microsoft.Network/networkSecurityGroups/open",
                            "private_ip_address": "10.217.130.5",
                            "private_ip_addresses.#": "1",
                            "private_ip_addresses.0": "10.217.130.5",
                            "resource_group_name": "AzureHUB",
                            "tags.%": "0"
                        },
                        "meta": {},
                        "tainted": false
                    },
                    "deposed": [],
                    "provider": "provider.azurerm"
                },
                "azurerm_network_security_group.open": {
                    "type": "azurerm_network_security_group",
                    "depends_on": [
                        "azurerm_resource_group.vm"
                    ],
                    "primary": {
                        "id": "/subscriptions/d47f1af8-9795-4e86-bbce-da72cfd0f8ec/resourceGroups/AzureHUB/providers/Microsoft.Network/networkSecurityGroups/open",
                        "attributes": {
                            "id": "/subscriptions/d47f1af8-9795-4e86-bbce-da72cfd0f8ec/resourceGroups/AzureHUB/providers/Microsoft.Network/networkSecurityGroups/open",
                            "location": "westus",
                            "name": "open",
                            "resource_group_name": "AzureHUB",
                            "security_rule.#": "1",
                            "security_rule.3989239724.access": "Allow",
                            "security_rule.3989239724.description": "",
                            "security_rule.3989239724.destination_address_prefix": "*",
                            "security_rule.3989239724.destination_address_prefixes.#": "0",
                            "security_rule.3989239724.destination_application_security_group_ids.#": "0",
                            "security_rule.3989239724.destination_port_range": "*",
                            "security_rule.3989239724.destination_port_ranges.#": "0",
                            "security_rule.3989239724.direction": "Inbound",
                            "security_rule.3989239724.name": "Deafult-Allow-Any",
                            "security_rule.3989239724.priority": "100",
                            "security_rule.3989239724.protocol": "*",
                            "security_rule.3989239724.source_address_prefix": "*",
                            "security_rule.3989239724.source_address_prefixes.#": "0",
                            "security_rule.3989239724.source_application_security_group_ids.#": "0",
                            "security_rule.3989239724.source_port_range": "*",
                            "security_rule.3989239724.source_port_ranges.#": "0",
                            "tags.%": "0"
                        },
                        "meta": {},
                        "tainted": false
                    },
                    "deposed": [],
                    "provider": "provider.azurerm"
                },
                "azurerm_network_security_group.ssh": {
                    "type": "azurerm_network_security_group",
                    "depends_on": [
                        "azurerm_resource_group.vm"
                    ],
                    "primary": {
                        "id": "/subscriptions/d47f1af8-9795-4e86-bbce-da72cfd0f8ec/resourceGroups/AzureHUB/providers/Microsoft.Network/networkSecurityGroups/mgmt",
                        "attributes": {
                            "id": "/subscriptions/d47f1af8-9795-4e86-bbce-da72cfd0f8ec/resourceGroups/AzureHUB/providers/Microsoft.Network/networkSecurityGroups/mgmt",
                            "location": "westus",
                            "name": "mgmt",
                            "resource_group_name": "AzureHUB",
                            "security_rule.#": "2",
                            "security_rule.1252781675.access": "Allow",
                            "security_rule.1252781675.description": "",
                            "security_rule.1252781675.destination_address_prefix": "*",
                            "security_rule.1252781675.destination_address_prefixes.#": "0",
                            "security_rule.1252781675.destination_application_security_group_ids.#": "0",
                            "security_rule.1252781675.destination_port_range": "22",
                            "security_rule.1252781675.destination_port_ranges.#": "0",
                            "security_rule.1252781675.direction": "Inbound",
                            "security_rule.1252781675.name": "ssh",
                            "security_rule.1252781675.priority": "100",
                            "security_rule.1252781675.protocol": "Tcp",
                            "security_rule.1252781675.source_address_prefix": "*",
                            "security_rule.1252781675.source_address_prefixes.#": "0",
                            "security_rule.1252781675.source_application_security_group_ids.#": "0",
                            "security_rule.1252781675.source_port_range": "*",
                            "security_rule.1252781675.source_port_ranges.#": "0",
                            "security_rule.4113900657.access": "Allow",
                            "security_rule.4113900657.description": "",
                            "security_rule.4113900657.destination_address_prefix": "*",
                            "security_rule.4113900657.destination_address_prefixes.#": "0",
                            "security_rule.4113900657.destination_application_security_group_ids.#": "0",
                            "security_rule.4113900657.destination_port_range": "443",
                            "security_rule.4113900657.destination_port_ranges.#": "0",
                            "security_rule.4113900657.direction": "Inbound",
                            "security_rule.4113900657.name": "https",
                            "security_rule.4113900657.priority": "200",
                            "security_rule.4113900657.protocol": "Tcp",
                            "security_rule.4113900657.source_address_prefix": "*",
                            "security_rule.4113900657.source_address_prefixes.#": "0",
                            "security_rule.4113900657.source_application_security_group_ids.#": "0",
                            "security_rule.4113900657.source_port_range": "*",
                            "security_rule.4113900657.source_port_ranges.#": "0",
                            "tags.%": "0"
                        },
                        "meta": {},
                        "tainted": false
                    },
                    "deposed": [],
                    "provider": "provider.azurerm"
                },
                "azurerm_public_ip.pip.0": {
                    "type": "azurerm_public_ip",
                    "depends_on": [
                        "azurerm_resource_group.vm"
                    ],
                    "primary": {
                        "id": "/subscriptions/d47f1af8-9795-4e86-bbce-da72cfd0f8ec/resourceGroups/AzureHUB/providers/Microsoft.Network/publicIPAddresses/TSVMPAN-1-publicIP",
                        "attributes": {
                            "allocation_method": "Static",
                            "id": "/subscriptions/d47f1af8-9795-4e86-bbce-da72cfd0f8ec/resourceGroups/AzureHUB/providers/Microsoft.Network/publicIPAddresses/TSVMPAN-1-publicIP",
                            "idle_timeout_in_minutes": "4",
                            "ip_address": "20.189.139.46",
                            "ip_version": "IPv4",
                            "location": "westus",
                            "name": "TSVMPAN-1-publicIP",
                            "public_ip_address_allocation": "Static",
                            "resource_group_name": "AzureHUB",
                            "sku": "Standard",
                            "tags.%": "1",
                            "tags.displayname": "PublicNetworkinterfaces",
                            "zones.#": "0"
                        },
                        "meta": {},
                        "tainted": false
                    },
                    "deposed": [],
                    "provider": "provider.azurerm"
                },
                "azurerm_public_ip.pip.1": {
                    "type": "azurerm_public_ip",
                    "depends_on": [
                        "azurerm_resource_group.vm"
                    ],
                    "primary": {
                        "id": "/subscriptions/d47f1af8-9795-4e86-bbce-da72cfd0f8ec/resourceGroups/AzureHUB/providers/Microsoft.Network/publicIPAddresses/TSVMPAN-2-publicIP",
                        "attributes": {
                            "allocation_method": "Static",
                            "id": "/subscriptions/d47f1af8-9795-4e86-bbce-da72cfd0f8ec/resourceGroups/AzureHUB/providers/Microsoft.Network/publicIPAddresses/TSVMPAN-2-publicIP",
                            "idle_timeout_in_minutes": "4",
                            "ip_address": "20.189.137.152",
                            "ip_version": "IPv4",
                            "location": "westus",
                            "name": "TSVMPAN-2-publicIP",
                            "public_ip_address_allocation": "Static",
                            "resource_group_name": "AzureHUB",
                            "sku": "Standard",
                            "tags.%": "1",
                            "tags.displayname": "PublicNetworkinterfaces",
                            "zones.#": "0"
                        },
                        "meta": {},
                        "tainted": false
                    },
                    "deposed": [],
                    "provider": "provider.azurerm"
                },
                "azurerm_resource_group.vm": {
                    "type": "azurerm_resource_group",
                    "depends_on": [],
                    "primary": {
                        "id": "/subscriptions/d47f1af8-9795-4e86-bbce-da72cfd0f8ec/resourceGroups/AzureHUB",
                        "attributes": {
                            "id": "/subscriptions/d47f1af8-9795-4e86-bbce-da72cfd0f8ec/resourceGroups/AzureHUB",
                            "location": "westus",
                            "name": "AzureHUB",
                            "tags.%": "1",
                            "tags.source": "terraform"
                        },
                        "meta": {},
                        "tainted": false
                    },
                    "deposed": [],
                    "provider": "provider.azurerm"
                },
                "azurerm_storage_account.storrageaccfw": {
                    "type": "azurerm_storage_account",
                    "depends_on": [
                        "azurerm_resource_group.vm",
                        "random_id.storage_account"
                    ],
                    "primary": {
                        "id": "/subscriptions/d47f1af8-9795-4e86-bbce-da72cfd0f8ec/resourceGroups/AzureHUB/providers/Microsoft.Storage/storageAccounts/storageaccount11e1",
                        "attributes": {
                            "access_tier": "",
                            "account_encryption_source": "Microsoft.Storage",
                            "account_kind": "Storage",
                            "account_replication_type": "LRS",
                            "account_tier": "Standard",
                            "account_type": "Standard_LRS",
                            "enable_blob_encryption": "true",
                            "enable_file_encryption": "true",
                            "enable_https_traffic_only": "false",
                            "id": "/subscriptions/d47f1af8-9795-4e86-bbce-da72cfd0f8ec/resourceGroups/AzureHUB/providers/Microsoft.Storage/storageAccounts/storageaccount11e1",
                            "identity.#": "0",
                            "is_hns_enabled": "false",
                            "location": "westus",
                            "name": "storageaccount11e1",
                            "network_rules.#": "0",
                            "primary_access_key": "d8726K/wbwDRTYhJj4gBe/4l3y8gZx6zwsmta6ps4kwU1mE9cArLB6Mv0xvj6fN4oNkpWefbioO7vaV7mLJIsA==",
                            "primary_blob_connection_string": "DefaultEndpointsProtocol=https;BlobEndpoint=https://storageaccount11e1.blob.core.windows.net/;AccountName=storageaccount11e1;AccountKey=d8726K/wbwDRTYhJj4gBe/4l3y8gZx6zwsmta6ps4kwU1mE9cArLB6Mv0xvj6fN4oNkpWefbioO7vaV7mLJIsA==",
                            "primary_blob_endpoint": "https://storageaccount11e1.blob.core.windows.net/",
                            "primary_blob_host": "storageaccount11e1.blob.core.windows.net",
                            "primary_connection_string": "DefaultEndpointsProtocol=https;AccountName=storageaccount11e1;AccountKey=d8726K/wbwDRTYhJj4gBe/4l3y8gZx6zwsmta6ps4kwU1mE9cArLB6Mv0xvj6fN4oNkpWefbioO7vaV7mLJIsA==;EndpointSuffix=core.windows.net",
                            "primary_dfs_endpoint": "",
                            "primary_dfs_host": "",
                            "primary_file_endpoint": "https://storageaccount11e1.file.core.windows.net/",
                            "primary_file_host": "storageaccount11e1.file.core.windows.net",
                            "primary_location": "westus",
                            "primary_queue_endpoint": "https://storageaccount11e1.queue.core.windows.net/",
                            "primary_queue_host": "storageaccount11e1.queue.core.windows.net",
                            "primary_table_endpoint": "https://storageaccount11e1.table.core.windows.net/",
                            "primary_table_host": "storageaccount11e1.table.core.windows.net",
                            "primary_web_endpoint": "",
                            "primary_web_host": "",
                            "resource_group_name": "AzureHUB",
                            "secondary_access_key": "yrs1DilozRZaSwAN6ajy31869a0AGL+/vxR/OlB1zNGH/p4YES9NG1gjTlFX/Q/ndnAlMWr0hAZ1daZOTEs8Rw==",
                            "secondary_blob_connection_string": "",
                            "secondary_connection_string": "DefaultEndpointsProtocol=https;AccountName=storageaccount11e1;AccountKey=yrs1DilozRZaSwAN6ajy31869a0AGL+/vxR/OlB1zNGH/p4YES9NG1gjTlFX/Q/ndnAlMWr0hAZ1daZOTEs8Rw==;EndpointSuffix=core.windows.net",
                            "secondary_location": "",
                            "tags.%": "1",
                            "tags.source": "terraform"
                        },
                        "meta": {
                            "schema_version": "2"
                        },
                        "tainted": false
                    },
                    "deposed": [],
                    "provider": "provider.azurerm"
                },
                "azurerm_storage_container.storagecon": {
                    "type": "azurerm_storage_container",
                    "depends_on": [
                        "azurerm_resource_group.vm",
                        "azurerm_storage_account.storrageaccfw"
                    ],
                    "primary": {
                        "id": "https://storageaccount11e1.blob.core.windows.net/vhds",
                        "attributes": {
                            "container_access_type": "private",
                            "id": "https://storageaccount11e1.blob.core.windows.net/vhds",
                            "name": "vhds",
                            "properties.%": "4",
                            "properties.last_modified": "Thu, 23 May 2019 20:23:13 GMT",
                            "properties.lease_duration": "",
                            "properties.lease_state": "available",
                            "properties.lease_status": "unlocked",
                            "resource_group_name": "AzureHUB",
                            "storage_account_name": "storageaccount11e1"
                        },
                        "meta": {
                            "schema_version": "1"
                        },
                        "tainted": false
                    },
                    "deposed": [],
                    "provider": "provider.azurerm"
                },
                "azurerm_virtual_machine.firewall.0": {
                    "type": "azurerm_virtual_machine",
                    "depends_on": [
                        "azurerm_availability_set.avset",
                        "azurerm_network_interface.Management.*",
                        "azurerm_network_interface.Trust.*",
                        "azurerm_network_interface.Untrust.*",
                        "azurerm_resource_group.vm",
                        "azurerm_storage_account.storrageaccfw",
                        "azurerm_storage_container.storagecon.*"
                    ],
                    "primary": {
                        "id": "/subscriptions/d47f1af8-9795-4e86-bbce-da72cfd0f8ec/resourceGroups/AzureHUB/providers/Microsoft.Compute/virtualMachines/TSVMPAN-1",
                        "attributes": {
                            "availability_set_id": "/subscriptions/d47f1af8-9795-4e86-bbce-da72cfd0f8ec/resourcegroups/azurehub/providers/microsoft.compute/availabilitysets/azureav",
                            "delete_data_disks_on_termination": "true",
                            "delete_os_disk_on_termination": "true",
                            "id": "/subscriptions/d47f1af8-9795-4e86-bbce-da72cfd0f8ec/resourceGroups/AzureHUB/providers/Microsoft.Compute/virtualMachines/TSVMPAN-1",
                            "identity.#": "0",
                            "location": "westus",
                            "name": "TSVMPAN-1",
                            "network_interface_ids.#": "3",
                            "network_interface_ids.0": "/subscriptions/d47f1af8-9795-4e86-bbce-da72cfd0f8ec/resourceGroups/AzureHUB/providers/Microsoft.Network/networkInterfaces/TSVMPAN-1-mgmt",
                            "network_interface_ids.1": "/subscriptions/d47f1af8-9795-4e86-bbce-da72cfd0f8ec/resourceGroups/AzureHUB/providers/Microsoft.Network/networkInterfaces/TSVMPAN-1-untrust",
                            "network_interface_ids.2": "/subscriptions/d47f1af8-9795-4e86-bbce-da72cfd0f8ec/resourceGroups/AzureHUB/providers/Microsoft.Network/networkInterfaces/TSVMPAN-1-trust",
                            "os_profile.#": "1",
                            "os_profile.1203702329.admin_password": "",
                            "os_profile.1203702329.admin_username": "fwadmin",
                            "os_profile.1203702329.computer_name": "TSVMPAN-1",
                            "os_profile.1203702329.custom_data": "",
                            "os_profile_linux_config.#": "1",
                            "os_profile_linux_config.2972667452.disable_password_authentication": "false",
                            "os_profile_linux_config.2972667452.ssh_keys.#": "0",
                            "os_profile_secrets.#": "0",
                            "os_profile_windows_config.#": "0",
                            "plan.#": "1",
                            "plan.0.name": "byol",
                            "plan.0.product": "vmseries1",
                            "plan.0.publisher": "paloaltonetworks",
                            "primary_network_interface_id": "/subscriptions/d47f1af8-9795-4e86-bbce-da72cfd0f8ec/resourceGroups/AzureHUB/providers/Microsoft.Network/networkInterfaces/TSVMPAN-1-mgmt",
                            "resource_group_name": "AzureHUB",
                            "storage_data_disk.#": "0",
                            "storage_image_reference.#": "1",
                            "storage_image_reference.1538346636.id": "",
                            "storage_image_reference.1538346636.offer": "vmseries1",
                            "storage_image_reference.1538346636.publisher": "paloaltonetworks",
                            "storage_image_reference.1538346636.sku": "byol",
                            "storage_image_reference.1538346636.version": "latest",
                            "storage_os_disk.#": "1",
                            "storage_os_disk.0.caching": "ReadWrite",
                            "storage_os_disk.0.create_option": "FromImage",
                            "storage_os_disk.0.disk_size_gb": "60",
                            "storage_os_disk.0.image_uri": "",
                            "storage_os_disk.0.managed_disk_id": "",
                            "storage_os_disk.0.managed_disk_type": "",
                            "storage_os_disk.0.name": "pa-vm-os-disk-1",
                            "storage_os_disk.0.os_type": "Linux",
                            "storage_os_disk.0.vhd_uri": "https://storageaccount11e1.blob.core.windows.net/vhds/fwDisk1.vhd",
                            "storage_os_disk.0.write_accelerator_enabled": "false",
                            "tags.%": "0",
                            "vm_size": "Standard_D3_v2",
                            "zones.#": "0"
                        },
                        "meta": {},
                        "tainted": false
                    },
                    "deposed": [],
                    "provider": "provider.azurerm"
                },
                "azurerm_virtual_machine.firewall.1": {
                    "type": "azurerm_virtual_machine",
                    "depends_on": [
                        "azurerm_availability_set.avset",
                        "azurerm_network_interface.Management.*",
                        "azurerm_network_interface.Trust.*",
                        "azurerm_network_interface.Untrust.*",
                        "azurerm_resource_group.vm",
                        "azurerm_storage_account.storrageaccfw",
                        "azurerm_storage_container.storagecon.*"
                    ],
                    "primary": {
                        "id": "/subscriptions/d47f1af8-9795-4e86-bbce-da72cfd0f8ec/resourceGroups/AzureHUB/providers/Microsoft.Compute/virtualMachines/TSVMPAN-2",
                        "attributes": {
                            "availability_set_id": "/subscriptions/d47f1af8-9795-4e86-bbce-da72cfd0f8ec/resourcegroups/azurehub/providers/microsoft.compute/availabilitysets/azureav",
                            "delete_data_disks_on_termination": "true",
                            "delete_os_disk_on_termination": "true",
                            "id": "/subscriptions/d47f1af8-9795-4e86-bbce-da72cfd0f8ec/resourceGroups/AzureHUB/providers/Microsoft.Compute/virtualMachines/TSVMPAN-2",
                            "identity.#": "0",
                            "location": "westus",
                            "name": "TSVMPAN-2",
                            "network_interface_ids.#": "3",
                            "network_interface_ids.0": "/subscriptions/d47f1af8-9795-4e86-bbce-da72cfd0f8ec/resourceGroups/AzureHUB/providers/Microsoft.Network/networkInterfaces/TSVMPAN-2-mgmt",
                            "network_interface_ids.1": "/subscriptions/d47f1af8-9795-4e86-bbce-da72cfd0f8ec/resourceGroups/AzureHUB/providers/Microsoft.Network/networkInterfaces/TSVMPAN-2-untrust",
                            "network_interface_ids.2": "/subscriptions/d47f1af8-9795-4e86-bbce-da72cfd0f8ec/resourceGroups/AzureHUB/providers/Microsoft.Network/networkInterfaces/TSVMPAN-2-trust",
                            "os_profile.#": "1",
                            "os_profile.1821530618.admin_password": "",
                            "os_profile.1821530618.admin_username": "fwadmin",
                            "os_profile.1821530618.computer_name": "TSVMPAN-2",
                            "os_profile.1821530618.custom_data": "",
                            "os_profile_linux_config.#": "1",
                            "os_profile_linux_config.2972667452.disable_password_authentication": "false",
                            "os_profile_linux_config.2972667452.ssh_keys.#": "0",
                            "os_profile_secrets.#": "0",
                            "os_profile_windows_config.#": "0",
                            "plan.#": "1",
                            "plan.0.name": "byol",
                            "plan.0.product": "vmseries1",
                            "plan.0.publisher": "paloaltonetworks",
                            "primary_network_interface_id": "/subscriptions/d47f1af8-9795-4e86-bbce-da72cfd0f8ec/resourceGroups/AzureHUB/providers/Microsoft.Network/networkInterfaces/TSVMPAN-2-mgmt",
                            "resource_group_name": "AzureHUB",
                            "storage_data_disk.#": "0",
                            "storage_image_reference.#": "1",
                            "storage_image_reference.1538346636.id": "",
                            "storage_image_reference.1538346636.offer": "vmseries1",
                            "storage_image_reference.1538346636.publisher": "paloaltonetworks",
                            "storage_image_reference.1538346636.sku": "byol",
                            "storage_image_reference.1538346636.version": "latest",
                            "storage_os_disk.#": "1",
                            "storage_os_disk.0.caching": "ReadWrite",
                            "storage_os_disk.0.create_option": "FromImage",
                            "storage_os_disk.0.disk_size_gb": "60",
                            "storage_os_disk.0.image_uri": "",
                            "storage_os_disk.0.managed_disk_id": "",
                            "storage_os_disk.0.managed_disk_type": "",
                            "storage_os_disk.0.name": "pa-vm-os-disk-2",
                            "storage_os_disk.0.os_type": "Linux",
                            "storage_os_disk.0.vhd_uri": "https://storageaccount11e1.blob.core.windows.net/vhds/fwDisk2.vhd",
                            "storage_os_disk.0.write_accelerator_enabled": "false",
                            "tags.%": "0",
                            "vm_size": "Standard_D3_v2",
                            "zones.#": "0"
                        },
                        "meta": {},
                        "tainted": false
                    },
                    "deposed": [],
                    "provider": "provider.azurerm"
                },
                "random_id.storage_account": {
                    "type": "random_id",
                    "depends_on": [],
                    "primary": {
                        "id": "EeE",
                        "attributes": {
                            "b64": "storageaccountEeE",
                            "b64_std": "storageaccountEeE=",
                            "b64_url": "storageaccountEeE",
                            "byte_length": "2",
                            "dec": "storageaccount4577",
                            "hex": "storageaccount11e1",
                            "id": "EeE",
                            "prefix": "storageaccount"
                        },
                        "meta": {},
                        "tainted": false
                    },
                    "deposed": [],
                    "provider": "provider.random"
                }
            },
            "depends_on": []
        },
        {
            "path": [
                "root",
                "AzureHUB"
            ],
            "outputs": {
                "resource_group_name": {
                    "sensitive": false,
                    "type": "string",
                    "value": "AzureHUB"
                },
                "vnet_address_space": {
                    "sensitive": false,
                    "type": "list",
                    "value": [
                        "10.217.130.0/24"
                    ]
                },
                "vnet_id": {
                    "sensitive": false,
                    "type": "string",
                    "value": "/subscriptions/d47f1af8-9795-4e86-bbce-da72cfd0f8ec/resourceGroups/AzureHUB/providers/Microsoft.Network/virtualNetworks/SternTransitVNet"
                },
                "vnet_location": {
                    "sensitive": false,
                    "type": "string",
                    "value": "westus"
                },
                "vnet_name": {
                    "sensitive": false,
                    "type": "string",
                    "value": "SternTransitVNet"
                },
                "vnet_subnet_prefixes": {
                    "sensitive": false,
                    "type": "list",
                    "value": [
                        "10.217.130.64/27",
                        "10.217.130.32/27",
                        "10.217.130.0/27"
                    ]
                },
                "vnet_subnets": {
                    "sensitive": false,
                    "type": "list",
                    "value": [
                        "/subscriptions/d47f1af8-9795-4e86-bbce-da72cfd0f8ec/resourceGroups/AzureHUB/providers/Microsoft.Network/virtualNetworks/SternTransitVNet/subnets/Management",
                        "/subscriptions/d47f1af8-9795-4e86-bbce-da72cfd0f8ec/resourceGroups/AzureHUB/providers/Microsoft.Network/virtualNetworks/SternTransitVNet/subnets/Trust",
                        "/subscriptions/d47f1af8-9795-4e86-bbce-da72cfd0f8ec/resourceGroups/AzureHUB/providers/Microsoft.Network/virtualNetworks/SternTransitVNet/subnets/Untrust"
                    ]
                }
            },
            "resources": {
                "azurerm_resource_group.vnet": {
                    "type": "azurerm_resource_group",
                    "depends_on": [],
                    "primary": {
                        "id": "/subscriptions/d47f1af8-9795-4e86-bbce-da72cfd0f8ec/resourceGroups/AzureHUB",
                        "attributes": {
                            "id": "/subscriptions/d47f1af8-9795-4e86-bbce-da72cfd0f8ec/resourceGroups/AzureHUB",
                            "location": "westus",
                            "name": "AzureHUB",
                            "tags.%": "1",
                            "tags.source": "terraform"
                        },
                        "meta": {},
                        "tainted": false
                    },
                    "deposed": [],
                    "provider": "provider.azurerm"
                },
                "azurerm_subnet.subnet.0": {
                    "type": "azurerm_subnet",
                    "depends_on": [
                        "azurerm_resource_group.vnet",
                        "azurerm_virtual_network.vnet"
                    ],
                    "primary": {
                        "id": "/subscriptions/d47f1af8-9795-4e86-bbce-da72cfd0f8ec/resourceGroups/AzureHUB/providers/Microsoft.Network/virtualNetworks/SternTransitVNet/subnets/Management",
                        "attributes": {
                            "address_prefix": "10.217.130.64/27",
                            "delegation.#": "0",
                            "id": "/subscriptions/d47f1af8-9795-4e86-bbce-da72cfd0f8ec/resourceGroups/AzureHUB/providers/Microsoft.Network/virtualNetworks/SternTransitVNet/subnets/Management",
                            "ip_configurations.#": "0",
                            "name": "Management",
                            "network_security_group_id": "",
                            "resource_group_name": "AzureHUB",
                            "route_table_id": "",
                            "service_endpoints.#": "0",
                            "virtual_network_name": "SternTransitVNet"
                        },
                        "meta": {},
                        "tainted": false
                    },
                    "deposed": [],
                    "provider": "provider.azurerm"
                },
                "azurerm_subnet.subnet.1": {
                    "type": "azurerm_subnet",
                    "depends_on": [
                        "azurerm_resource_group.vnet",
                        "azurerm_virtual_network.vnet"
                    ],
                    "primary": {
                        "id": "/subscriptions/d47f1af8-9795-4e86-bbce-da72cfd0f8ec/resourceGroups/AzureHUB/providers/Microsoft.Network/virtualNetworks/SternTransitVNet/subnets/Trust",
                        "attributes": {
                            "address_prefix": "10.217.130.32/27",
                            "delegation.#": "0",
                            "id": "/subscriptions/d47f1af8-9795-4e86-bbce-da72cfd0f8ec/resourceGroups/AzureHUB/providers/Microsoft.Network/virtualNetworks/SternTransitVNet/subnets/Trust",
                            "ip_configurations.#": "1",
                            "ip_configurations.916453046": "/subscriptions/d47f1af8-9795-4e86-bbce-da72cfd0f8ec/resourceGroups/AzureHUB/providers/Microsoft.Network/loadBalancers/Internal-LB/frontendIPConfigurations/Trust",
                            "name": "Trust",
                            "network_security_group_id": "",
                            "resource_group_name": "AzureHUB",
                            "route_table_id": "",
                            "service_endpoints.#": "0",
                            "virtual_network_name": "SternTransitVNet"
                        },
                        "meta": {},
                        "tainted": false
                    },
                    "deposed": [],
                    "provider": "provider.azurerm"
                },
                "azurerm_subnet.subnet.2": {
                    "type": "azurerm_subnet",
                    "depends_on": [
                        "azurerm_resource_group.vnet",
                        "azurerm_virtual_network.vnet"
                    ],
                    "primary": {
                        "id": "/subscriptions/d47f1af8-9795-4e86-bbce-da72cfd0f8ec/resourceGroups/AzureHUB/providers/Microsoft.Network/virtualNetworks/SternTransitVNet/subnets/Untrust",
                        "attributes": {
                            "address_prefix": "10.217.130.0/27",
                            "delegation.#": "0",
                            "id": "/subscriptions/d47f1af8-9795-4e86-bbce-da72cfd0f8ec/resourceGroups/AzureHUB/providers/Microsoft.Network/virtualNetworks/SternTransitVNet/subnets/Untrust",
                            "ip_configurations.#": "0",
                            "name": "Untrust",
                            "network_security_group_id": "",
                            "resource_group_name": "AzureHUB",
                            "route_table_id": "",
                            "service_endpoints.#": "0",
                            "virtual_network_name": "SternTransitVNet"
                        },
                        "meta": {},
                        "tainted": false
                    },
                    "deposed": [],
                    "provider": "provider.azurerm"
                },
                "azurerm_virtual_network.vnet": {
                    "type": "azurerm_virtual_network",
                    "depends_on": [
                        "azurerm_resource_group.vnet"
                    ],
                    "primary": {
                        "id": "/subscriptions/d47f1af8-9795-4e86-bbce-da72cfd0f8ec/resourceGroups/AzureHUB/providers/Microsoft.Network/virtualNetworks/SternTransitVNet",
                        "attributes": {
                            "address_space.#": "1",
                            "address_space.0": "10.217.130.0/24",
                            "ddos_protection_plan.#": "0",
                            "dns_servers.#": "0",
                            "id": "/subscriptions/d47f1af8-9795-4e86-bbce-da72cfd0f8ec/resourceGroups/AzureHUB/providers/Microsoft.Network/virtualNetworks/SternTransitVNet",
                            "location": "westus",
                            "name": "SternTransitVNet",
                            "resource_group_name": "AzureHUB",
                            "subnet.#": "3",
                            "subnet.3407113039.address_prefix": "10.217.130.32/27",
                            "subnet.3407113039.id": "/subscriptions/d47f1af8-9795-4e86-bbce-da72cfd0f8ec/resourceGroups/AzureHUB/providers/Microsoft.Network/virtualNetworks/SternTransitVNet/subnets/Trust",
                            "subnet.3407113039.name": "Trust",
                            "subnet.3407113039.security_group": "",
                            "subnet.3593024582.address_prefix": "10.217.130.0/27",
                            "subnet.3593024582.id": "/subscriptions/d47f1af8-9795-4e86-bbce-da72cfd0f8ec/resourceGroups/AzureHUB/providers/Microsoft.Network/virtualNetworks/SternTransitVNet/subnets/Untrust",
                            "subnet.3593024582.name": "Untrust",
                            "subnet.3593024582.security_group": "",
                            "subnet.705569513.address_prefix": "10.217.130.64/27",
                            "subnet.705569513.id": "/subscriptions/d47f1af8-9795-4e86-bbce-da72cfd0f8ec/resourceGroups/AzureHUB/providers/Microsoft.Network/virtualNetworks/SternTransitVNet/subnets/Management",
                            "subnet.705569513.name": "Management",
                            "subnet.705569513.security_group": "",
                            "tags.%": "0"
                        },
                        "meta": {},
                        "tainted": false
                    },
                    "deposed": [],
                    "provider": "provider.azurerm"
                }
            },
            "depends_on": []
        },
        {
            "path": [
                "root",
                "AzureSpoke"
            ],
            "outputs": {
                "resource_group_name": {
                    "sensitive": false,
                    "type": "string",
                    "value": "AzureSpoke"
                },
                "vnet_address_space": {
                    "sensitive": false,
                    "type": "list",
                    "value": [
                        "172.16.130.0/24"
                    ]
                },
                "vnet_id": {
                    "sensitive": false,
                    "type": "string",
                    "value": "/subscriptions/d47f1af8-9795-4e86-bbce-da72cfd0f8ec/resourceGroups/AzureSpoke/providers/Microsoft.Network/virtualNetworks/TorstenWebVNet"
                },
                "vnet_location": {
                    "sensitive": false,
                    "type": "string",
                    "value": "westus"
                },
                "vnet_name": {
                    "sensitive": false,
                    "type": "string",
                    "value": "TorstenWebVNet"
                },
                "vnet_subnet_prefixes": {
                    "sensitive": false,
                    "type": "list",
                    "value": [
                        "172.16.130.0/26",
                        "172.16.130.64/26",
                        "172.16.130.128/26"
                    ]
                },
                "vnet_subnets": {
                    "sensitive": false,
                    "type": "list",
                    "value": [
                        "/subscriptions/d47f1af8-9795-4e86-bbce-da72cfd0f8ec/resourceGroups/AzureSpoke/providers/Microsoft.Network/virtualNetworks/TorstenWebVNet/subnets/Webserver",
                        "/subscriptions/d47f1af8-9795-4e86-bbce-da72cfd0f8ec/resourceGroups/AzureSpoke/providers/Microsoft.Network/virtualNetworks/TorstenWebVNet/subnets/DB",
                        "/subscriptions/d47f1af8-9795-4e86-bbce-da72cfd0f8ec/resourceGroups/AzureSpoke/providers/Microsoft.Network/virtualNetworks/TorstenWebVNet/subnets/Test"
                    ]
                }
            },
            "resources": {
                "azurerm_resource_group.vnet": {
                    "type": "azurerm_resource_group",
                    "depends_on": [],
                    "primary": {
                        "id": "/subscriptions/d47f1af8-9795-4e86-bbce-da72cfd0f8ec/resourceGroups/AzureSpoke",
                        "attributes": {
                            "id": "/subscriptions/d47f1af8-9795-4e86-bbce-da72cfd0f8ec/resourceGroups/AzureSpoke",
                            "location": "westus",
                            "name": "AzureSpoke",
                            "tags.%": "0"
                        },
                        "meta": {},
                        "tainted": false
                    },
                    "deposed": [],
                    "provider": "provider.azurerm"
                },
                "azurerm_subnet.subnet.0": {
                    "type": "azurerm_subnet",
                    "depends_on": [
                        "azurerm_resource_group.vnet",
                        "azurerm_virtual_network.vnet"
                    ],
                    "primary": {
                        "id": "/subscriptions/d47f1af8-9795-4e86-bbce-da72cfd0f8ec/resourceGroups/AzureSpoke/providers/Microsoft.Network/virtualNetworks/TorstenWebVNet/subnets/Webserver",
                        "attributes": {
                            "address_prefix": "172.16.130.0/26",
                            "delegation.#": "0",
                            "id": "/subscriptions/d47f1af8-9795-4e86-bbce-da72cfd0f8ec/resourceGroups/AzureSpoke/providers/Microsoft.Network/virtualNetworks/TorstenWebVNet/subnets/Webserver",
                            "ip_configurations.#": "0",
                            "name": "Webserver",
                            "network_security_group_id": "",
                            "resource_group_name": "AzureSpoke",
                            "route_table_id": "",
                            "service_endpoints.#": "0",
                            "virtual_network_name": "TorstenWebVNet"
                        },
                        "meta": {},
                        "tainted": false
                    },
                    "deposed": [],
                    "provider": "provider.azurerm"
                },
                "azurerm_subnet.subnet.1": {
                    "type": "azurerm_subnet",
                    "depends_on": [
                        "azurerm_resource_group.vnet",
                        "azurerm_virtual_network.vnet"
                    ],
                    "primary": {
                        "id": "/subscriptions/d47f1af8-9795-4e86-bbce-da72cfd0f8ec/resourceGroups/AzureSpoke/providers/Microsoft.Network/virtualNetworks/TorstenWebVNet/subnets/DB",
                        "attributes": {
                            "address_prefix": "172.16.130.64/26",
                            "delegation.#": "0",
                            "id": "/subscriptions/d47f1af8-9795-4e86-bbce-da72cfd0f8ec/resourceGroups/AzureSpoke/providers/Microsoft.Network/virtualNetworks/TorstenWebVNet/subnets/DB",
                            "ip_configurations.#": "0",
                            "name": "DB",
                            "network_security_group_id": "",
                            "resource_group_name": "AzureSpoke",
                            "route_table_id": "",
                            "service_endpoints.#": "0",
                            "virtual_network_name": "TorstenWebVNet"
                        },
                        "meta": {},
                        "tainted": false
                    },
                    "deposed": [],
                    "provider": "provider.azurerm"
                },
                "azurerm_subnet.subnet.2": {
                    "type": "azurerm_subnet",
                    "depends_on": [
                        "azurerm_resource_group.vnet",
                        "azurerm_virtual_network.vnet"
                    ],
                    "primary": {
                        "id": "/subscriptions/d47f1af8-9795-4e86-bbce-da72cfd0f8ec/resourceGroups/AzureSpoke/providers/Microsoft.Network/virtualNetworks/TorstenWebVNet/subnets/Test",
                        "attributes": {
                            "address_prefix": "172.16.130.128/26",
                            "delegation.#": "0",
                            "id": "/subscriptions/d47f1af8-9795-4e86-bbce-da72cfd0f8ec/resourceGroups/AzureSpoke/providers/Microsoft.Network/virtualNetworks/TorstenWebVNet/subnets/Test",
                            "ip_configurations.#": "0",
                            "name": "Test",
                            "network_security_group_id": "",
                            "resource_group_name": "AzureSpoke",
                            "route_table_id": "",
                            "service_endpoints.#": "0",
                            "virtual_network_name": "TorstenWebVNet"
                        },
                        "meta": {},
                        "tainted": false
                    },
                    "deposed": [],
                    "provider": "provider.azurerm"
                },
                "azurerm_virtual_network.vnet": {
                    "type": "azurerm_virtual_network",
                    "depends_on": [
                        "azurerm_resource_group.vnet"
                    ],
                    "primary": {
                        "id": "/subscriptions/d47f1af8-9795-4e86-bbce-da72cfd0f8ec/resourceGroups/AzureSpoke/providers/Microsoft.Network/virtualNetworks/TorstenWebVNet",
                        "attributes": {
                            "address_space.#": "1",
                            "address_space.0": "172.16.130.0/24",
                            "ddos_protection_plan.#": "0",
                            "dns_servers.#": "0",
                            "id": "/subscriptions/d47f1af8-9795-4e86-bbce-da72cfd0f8ec/resourceGroups/AzureSpoke/providers/Microsoft.Network/virtualNetworks/TorstenWebVNet",
                            "location": "westus",
                            "name": "TorstenWebVNet",
                            "resource_group_name": "AzureSpoke",
                            "subnet.#": "3",
                            "subnet.1846874643.address_prefix": "172.16.130.128/26",
                            "subnet.1846874643.id": "/subscriptions/d47f1af8-9795-4e86-bbce-da72cfd0f8ec/resourceGroups/AzureSpoke/providers/Microsoft.Network/virtualNetworks/TorstenWebVNet/subnets/Test",
                            "subnet.1846874643.name": "Test",
                            "subnet.1846874643.security_group": "",
                            "subnet.2907392852.address_prefix": "172.16.130.64/26",
                            "subnet.2907392852.id": "/subscriptions/d47f1af8-9795-4e86-bbce-da72cfd0f8ec/resourceGroups/AzureSpoke/providers/Microsoft.Network/virtualNetworks/TorstenWebVNet/subnets/DB",
                            "subnet.2907392852.name": "DB",
                            "subnet.2907392852.security_group": "",
                            "subnet.3634273615.address_prefix": "172.16.130.0/26",
                            "subnet.3634273615.id": "/subscriptions/d47f1af8-9795-4e86-bbce-da72cfd0f8ec/resourceGroups/AzureSpoke/providers/Microsoft.Network/virtualNetworks/TorstenWebVNet/subnets/Webserver",
                            "subnet.3634273615.name": "Webserver",
                            "subnet.3634273615.security_group": "",
                            "tags.%": "0"
                        },
                        "meta": {},
                        "tainted": false
                    },
                    "deposed": [],
                    "provider": "provider.azurerm"
                }
            },
            "depends_on": []
        },
        {
            "path": [
                "root",
                "External-LB"
            ],
            "outputs": {
                "azurerm.azlb.load_distribution": {
                    "sensitive": false,
                    "type": "list",
                    "value": [
                        "SourceIPProtocol"
                    ]
                },
                "azurerm_lb_backend_address_pool_id": {
                    "sensitive": false,
                    "type": "string",
                    "value": "/subscriptions/d47f1af8-9795-4e86-bbce-da72cfd0f8ec/resourceGroups/AzureHUB/providers/Microsoft.Network/loadBalancers/External-LB/backendAddressPools/Untrust"
                },
                "azurerm_lb_frontend_ip_configuration": {
                    "sensitive": false,
                    "type": "list",
                    "value": [
                        {
                            "inbound_nat_rules": [],
                            "load_balancer_rules": [
                                "/subscriptions/d47f1af8-9795-4e86-bbce-da72cfd0f8ec/resourceGroups/AzureHUB/providers/Microsoft.Network/loadBalancers/External-LB/loadBalancingRules/TCP-22"
                            ],
                            "name": "Untrust",
                            "outbound_rules": [],
                            "private_ip_address": "",
                            "private_ip_address_allocation": "Dynamic",
                            "public_ip_address_id": "/subscriptions/d47f1af8-9795-4e86-bbce-da72cfd0f8ec/resourceGroups/AzureHUB/providers/Microsoft.Network/publicIPAddresses/External-LB-publicIP",
                            "subnet_id": "",
                            "zones": []
                        }
                    ]
                },
                "azurerm_lb_id": {
                    "sensitive": false,
                    "type": "string",
                    "value": "/subscriptions/d47f1af8-9795-4e86-bbce-da72cfd0f8ec/resourceGroups/AzureHUB/providers/Microsoft.Network/loadBalancers/External-LB"
                },
                "azurerm_lb_probe_ids": {
                    "sensitive": false,
                    "type": "list",
                    "value": [
                        "/subscriptions/d47f1af8-9795-4e86-bbce-da72cfd0f8ec/resourceGroups/AzureHUB/providers/Microsoft.Network/loadBalancers/External-LB/probes/TCP-22"
                    ]
                },
                "azurerm_public_ip_address": {
                    "sensitive": false,
                    "type": "list",
                    "value": [
                        "13.86.232.176"
                    ]
                },
                "azurerm_public_ip_id": {
                    "sensitive": false,
                    "type": "list",
                    "value": [
                        "/subscriptions/d47f1af8-9795-4e86-bbce-da72cfd0f8ec/resourceGroups/AzureHUB/providers/Microsoft.Network/publicIPAddresses/External-LB-publicIP"
                    ]
                },
                "azurerm_resource_group_name": {
                    "sensitive": false,
                    "type": "string",
                    "value": "AzureHUB"
                },
                "azurerm_resource_group_tags": {
                    "sensitive": false,
                    "type": "map",
                    "value": {
                        "source": "terraform"
                    }
                },
                "lb_frontend_private_ip": {
                    "sensitive": false,
                    "type": "string",
                    "value": ""
                }
            },
            "resources": {
                "azurerm_lb.azlb": {
                    "type": "azurerm_lb",
                    "depends_on": [
                        "azurerm_public_ip.azlb.*",
                        "azurerm_resource_group.azlb"
                    ],
                    "primary": {
                        "id": "/subscriptions/d47f1af8-9795-4e86-bbce-da72cfd0f8ec/resourceGroups/AzureHUB/providers/Microsoft.Network/loadBalancers/External-LB",
                        "attributes": {
                            "frontend_ip_configuration.#": "1",
                            "frontend_ip_configuration.0.inbound_nat_rules.#": "0",
                            "frontend_ip_configuration.0.load_balancer_rules.#": "1",
                            "frontend_ip_configuration.0.load_balancer_rules.54794704": "/subscriptions/d47f1af8-9795-4e86-bbce-da72cfd0f8ec/resourceGroups/AzureHUB/providers/Microsoft.Network/loadBalancers/External-LB/loadBalancingRules/TCP-22",
                            "frontend_ip_configuration.0.name": "Untrust",
                            "frontend_ip_configuration.0.outbound_rules.#": "0",
                            "frontend_ip_configuration.0.private_ip_address": "",
                            "frontend_ip_configuration.0.private_ip_address_allocation": "Dynamic",
                            "frontend_ip_configuration.0.public_ip_address_id": "/subscriptions/d47f1af8-9795-4e86-bbce-da72cfd0f8ec/resourceGroups/AzureHUB/providers/Microsoft.Network/publicIPAddresses/External-LB-publicIP",
                            "frontend_ip_configuration.0.subnet_id": "",
                            "frontend_ip_configuration.0.zones.#": "0",
                            "id": "/subscriptions/d47f1af8-9795-4e86-bbce-da72cfd0f8ec/resourceGroups/AzureHUB/providers/Microsoft.Network/loadBalancers/External-LB",
                            "location": "westus",
                            "name": "External-LB",
                            "private_ip_address": "",
                            "private_ip_addresses.#": "0",
                            "resource_group_name": "AzureHUB",
                            "sku": "Standard",
                            "tags.%": "1",
                            "tags.source": "terraform"
                        },
                        "meta": {},
                        "tainted": false
                    },
                    "deposed": [],
                    "provider": "provider.azurerm"
                },
                "azurerm_lb_backend_address_pool.lbback": {
                    "type": "azurerm_lb_backend_address_pool",
                    "depends_on": [
                        "azurerm_lb.azlb",
                        "azurerm_resource_group.azlb"
                    ],
                    "primary": {
                        "id": "/subscriptions/d47f1af8-9795-4e86-bbce-da72cfd0f8ec/resourceGroups/AzureHUB/providers/Microsoft.Network/loadBalancers/External-LB/backendAddressPools/Untrust",
                        "attributes": {
                            "backend_ip_configurations.#": "0",
                            "id": "/subscriptions/d47f1af8-9795-4e86-bbce-da72cfd0f8ec/resourceGroups/AzureHUB/providers/Microsoft.Network/loadBalancers/External-LB/backendAddressPools/Untrust",
                            "load_balancing_rules.#": "1",
                            "load_balancing_rules.54794704": "/subscriptions/d47f1af8-9795-4e86-bbce-da72cfd0f8ec/resourceGroups/AzureHUB/providers/Microsoft.Network/loadBalancers/External-LB/loadBalancingRules/TCP-22",
                            "loadbalancer_id": "/subscriptions/d47f1af8-9795-4e86-bbce-da72cfd0f8ec/resourceGroups/AzureHUB/providers/Microsoft.Network/loadBalancers/External-LB",
                            "name": "Untrust",
                            "resource_group_name": "AzureHUB"
                        },
                        "meta": {},
                        "tainted": false
                    },
                    "deposed": [],
                    "provider": "provider.azurerm"
                },
                "azurerm_lb_probe.azlb": {
                    "type": "azurerm_lb_probe",
                    "depends_on": [
                        "azurerm_lb.azlb",
                        "azurerm_resource_group.azlb"
                    ],
                    "primary": {
                        "id": "/subscriptions/d47f1af8-9795-4e86-bbce-da72cfd0f8ec/resourceGroups/AzureHUB/providers/Microsoft.Network/loadBalancers/External-LB/probes/TCP-22",
                        "attributes": {
                            "id": "/subscriptions/d47f1af8-9795-4e86-bbce-da72cfd0f8ec/resourceGroups/AzureHUB/providers/Microsoft.Network/loadBalancers/External-LB/probes/TCP-22",
                            "interval_in_seconds": "5",
                            "load_balancer_rules.#": "1",
                            "load_balancer_rules.54794704": "/subscriptions/d47f1af8-9795-4e86-bbce-da72cfd0f8ec/resourceGroups/AzureHUB/providers/Microsoft.Network/loadBalancers/External-LB/loadBalancingRules/TCP-22",
                            "loadbalancer_id": "/subscriptions/d47f1af8-9795-4e86-bbce-da72cfd0f8ec/resourceGroups/AzureHUB/providers/Microsoft.Network/loadBalancers/External-LB",
                            "name": "TCP-22",
                            "number_of_probes": "2",
                            "port": "22",
                            "protocol": "Tcp",
                            "request_path": "",
                            "resource_group_name": "AzureHUB"
                        },
                        "meta": {},
                        "tainted": false
                    },
                    "deposed": [],
                    "provider": "provider.azurerm"
                },
                "azurerm_lb_rule.azlb": {
                    "type": "azurerm_lb_rule",
                    "depends_on": [
                        "azurerm_lb.azlb",
                        "azurerm_lb_backend_address_pool.lbback",
                        "azurerm_lb_probe.azlb",
                        "azurerm_lb_probe.azlb.*",
                        "azurerm_resource_group.azlb"
                    ],
                    "primary": {
                        "id": "/subscriptions/d47f1af8-9795-4e86-bbce-da72cfd0f8ec/resourceGroups/AzureHUB/providers/Microsoft.Network/loadBalancers/External-LB/loadBalancingRules/TCP-22",
                        "attributes": {
                            "backend_address_pool_id": "/subscriptions/d47f1af8-9795-4e86-bbce-da72cfd0f8ec/resourceGroups/AzureHUB/providers/Microsoft.Network/loadBalancers/External-LB/backendAddressPools/Untrust",
                            "backend_port": "22",
                            "enable_floating_ip": "true",
                            "frontend_ip_configuration_id": "/subscriptions/d47f1af8-9795-4e86-bbce-da72cfd0f8ec/resourceGroups/AzureHUB/providers/Microsoft.Network/loadBalancers/External-LB/frontendIPConfigurations/Untrust",
                            "frontend_ip_configuration_name": "Untrust",
                            "frontend_port": "22",
                            "id": "/subscriptions/d47f1af8-9795-4e86-bbce-da72cfd0f8ec/resourceGroups/AzureHUB/providers/Microsoft.Network/loadBalancers/External-LB/loadBalancingRules/TCP-22",
                            "idle_timeout_in_minutes": "5",
                            "load_distribution": "SourceIPProtocol",
                            "loadbalancer_id": "/subscriptions/d47f1af8-9795-4e86-bbce-da72cfd0f8ec/resourceGroups/AzureHUB/providers/Microsoft.Network/loadBalancers/External-LB",
                            "name": "TCP-22",
                            "probe_id": "/subscriptions/d47f1af8-9795-4e86-bbce-da72cfd0f8ec/resourceGroups/AzureHUB/providers/Microsoft.Network/loadBalancers/External-LB/probes/TCP-22",
                            "protocol": "Tcp",
                            "resource_group_name": "AzureHUB"
                        },
                        "meta": {},
                        "tainted": false
                    },
                    "deposed": [],
                    "provider": "provider.azurerm"
                },
                "azurerm_public_ip.azlb": {
                    "type": "azurerm_public_ip",
                    "depends_on": [
                        "azurerm_resource_group.azlb"
                    ],
                    "primary": {
                        "id": "/subscriptions/d47f1af8-9795-4e86-bbce-da72cfd0f8ec/resourceGroups/AzureHUB/providers/Microsoft.Network/publicIPAddresses/External-LB-publicIP",
                        "attributes": {
                            "allocation_method": "Static",
                            "id": "/subscriptions/d47f1af8-9795-4e86-bbce-da72cfd0f8ec/resourceGroups/AzureHUB/providers/Microsoft.Network/publicIPAddresses/External-LB-publicIP",
                            "idle_timeout_in_minutes": "4",
                            "ip_address": "13.86.232.176",
                            "ip_version": "IPv4",
                            "location": "westus",
                            "name": "External-LB-publicIP",
                            "public_ip_address_allocation": "Static",
                            "resource_group_name": "AzureHUB",
                            "sku": "Standard",
                            "tags.%": "1",
                            "tags.displayname": "PublicNetworkinterfaces",
                            "zones.#": "0"
                        },
                        "meta": {},
                        "tainted": false
                    },
                    "deposed": [],
                    "provider": "provider.azurerm"
                },
                "azurerm_resource_group.azlb": {
                    "type": "azurerm_resource_group",
                    "depends_on": [],
                    "primary": {
                        "id": "/subscriptions/d47f1af8-9795-4e86-bbce-da72cfd0f8ec/resourceGroups/AzureHUB",
                        "attributes": {
                            "id": "/subscriptions/d47f1af8-9795-4e86-bbce-da72cfd0f8ec/resourceGroups/AzureHUB",
                            "location": "westus",
                            "name": "AzureHUB",
                            "tags.%": "1",
                            "tags.source": "terraform"
                        },
                        "meta": {},
                        "tainted": false
                    },
                    "deposed": [],
                    "provider": "provider.azurerm"
                }
            },
            "depends_on": []
        },
        {
            "path": [
                "root",
                "Internal-LB"
            ],
            "outputs": {
                "azurerm.azlb.load_distribution": {
                    "sensitive": false,
                    "type": "list",
                    "value": [
                        "SourceIPProtocol"
                    ]
                },
                "azurerm_lb_backend_address_pool_id": {
                    "sensitive": false,
                    "type": "string",
                    "value": "/subscriptions/d47f1af8-9795-4e86-bbce-da72cfd0f8ec/resourceGroups/AzureHUB/providers/Microsoft.Network/loadBalancers/Internal-LB/backendAddressPools/Trust"
                },
                "azurerm_lb_frontend_ip_configuration": {
                    "sensitive": false,
                    "type": "list",
                    "value": [
                        {
                            "inbound_nat_rules": [],
                            "load_balancer_rules": [
                                "/subscriptions/d47f1af8-9795-4e86-bbce-da72cfd0f8ec/resourceGroups/AzureHUB/providers/Microsoft.Network/loadBalancers/Internal-LB/loadBalancingRules/HA"
                            ],
                            "name": "Trust",
                            "outbound_rules": [],
                            "private_ip_address": "10.217.130.36",
                            "private_ip_address_allocation": "Dynamic",
                            "public_ip_address_id": "",
                            "subnet_id": "/subscriptions/d47f1af8-9795-4e86-bbce-da72cfd0f8ec/resourceGroups/AzureHUB/providers/Microsoft.Network/virtualNetworks/SternTransitVNet/subnets/Trust",
                            "zones": []
                        }
                    ]
                },
                "azurerm_lb_id": {
                    "sensitive": false,
                    "type": "string",
                    "value": "/subscriptions/d47f1af8-9795-4e86-bbce-da72cfd0f8ec/resourceGroups/AzureHUB/providers/Microsoft.Network/loadBalancers/Internal-LB"
                },
                "azurerm_lb_probe_ids": {
                    "sensitive": false,
                    "type": "list",
                    "value": [
                        "/subscriptions/d47f1af8-9795-4e86-bbce-da72cfd0f8ec/resourceGroups/AzureHUB/providers/Microsoft.Network/loadBalancers/Internal-LB/probes/ssh"
                    ]
                },
                "azurerm_public_ip_address": {
                    "sensitive": false,
                    "type": "list",
                    "value": []
                },
                "azurerm_public_ip_id": {
                    "sensitive": false,
                    "type": "list",
                    "value": []
                },
                "azurerm_resource_group_name": {
                    "sensitive": false,
                    "type": "string",
                    "value": "AzureHUB"
                },
                "azurerm_resource_group_tags": {
                    "sensitive": false,
                    "type": "map",
                    "value": {
                        "source": "terraform"
                    }
                },
                "lb_frontend_private_ip": {
                    "sensitive": false,
                    "type": "string",
                    "value": "10.217.130.36"
                }
            },
            "resources": {
                "azurerm_lb.azlb": {
                    "type": "azurerm_lb",
                    "depends_on": [
                        "azurerm_public_ip.azlb.*",
                        "azurerm_resource_group.azlb"
                    ],
                    "primary": {
                        "id": "/subscriptions/d47f1af8-9795-4e86-bbce-da72cfd0f8ec/resourceGroups/AzureHUB/providers/Microsoft.Network/loadBalancers/Internal-LB",
                        "attributes": {
                            "frontend_ip_configuration.#": "1",
                            "frontend_ip_configuration.0.inbound_nat_rules.#": "0",
                            "frontend_ip_configuration.0.load_balancer_rules.#": "1",
                            "frontend_ip_configuration.0.load_balancer_rules.1224951645": "/subscriptions/d47f1af8-9795-4e86-bbce-da72cfd0f8ec/resourceGroups/AzureHUB/providers/Microsoft.Network/loadBalancers/Internal-LB/loadBalancingRules/HA",
                            "frontend_ip_configuration.0.name": "Trust",
                            "frontend_ip_configuration.0.outbound_rules.#": "0",
                            "frontend_ip_configuration.0.private_ip_address": "10.217.130.36",
                            "frontend_ip_configuration.0.private_ip_address_allocation": "Dynamic",
                            "frontend_ip_configuration.0.public_ip_address_id": "",
                            "frontend_ip_configuration.0.subnet_id": "/subscriptions/d47f1af8-9795-4e86-bbce-da72cfd0f8ec/resourceGroups/AzureHUB/providers/Microsoft.Network/virtualNetworks/SternTransitVNet/subnets/Trust",
                            "frontend_ip_configuration.0.zones.#": "0",
                            "id": "/subscriptions/d47f1af8-9795-4e86-bbce-da72cfd0f8ec/resourceGroups/AzureHUB/providers/Microsoft.Network/loadBalancers/Internal-LB",
                            "location": "westus",
                            "name": "Internal-LB",
                            "private_ip_address": "10.217.130.36",
                            "private_ip_addresses.#": "1",
                            "private_ip_addresses.0": "10.217.130.36",
                            "resource_group_name": "AzureHUB",
                            "sku": "Standard",
                            "tags.%": "1",
                            "tags.source": "terraform"
                        },
                        "meta": {},
                        "tainted": false
                    },
                    "deposed": [],
                    "provider": "provider.azurerm"
                },
                "azurerm_lb_backend_address_pool.lbback": {
                    "type": "azurerm_lb_backend_address_pool",
                    "depends_on": [
                        "azurerm_lb.azlb",
                        "azurerm_resource_group.azlb"
                    ],
                    "primary": {
                        "id": "/subscriptions/d47f1af8-9795-4e86-bbce-da72cfd0f8ec/resourceGroups/AzureHUB/providers/Microsoft.Network/loadBalancers/Internal-LB/backendAddressPools/Trust",
                        "attributes": {
                            "backend_ip_configurations.#": "0",
                            "id": "/subscriptions/d47f1af8-9795-4e86-bbce-da72cfd0f8ec/resourceGroups/AzureHUB/providers/Microsoft.Network/loadBalancers/Internal-LB/backendAddressPools/Trust",
                            "load_balancing_rules.#": "1",
                            "load_balancing_rules.1224951645": "/subscriptions/d47f1af8-9795-4e86-bbce-da72cfd0f8ec/resourceGroups/AzureHUB/providers/Microsoft.Network/loadBalancers/Internal-LB/loadBalancingRules/HA",
                            "loadbalancer_id": "/subscriptions/d47f1af8-9795-4e86-bbce-da72cfd0f8ec/resourceGroups/AzureHUB/providers/Microsoft.Network/loadBalancers/Internal-LB",
                            "name": "Trust",
                            "resource_group_name": "AzureHUB"
                        },
                        "meta": {},
                        "tainted": false
                    },
                    "deposed": [],
                    "provider": "provider.azurerm"
                },
                "azurerm_lb_probe.azlb": {
                    "type": "azurerm_lb_probe",
                    "depends_on": [
                        "azurerm_lb.azlb",
                        "azurerm_resource_group.azlb"
                    ],
                    "primary": {
                        "id": "/subscriptions/d47f1af8-9795-4e86-bbce-da72cfd0f8ec/resourceGroups/AzureHUB/providers/Microsoft.Network/loadBalancers/Internal-LB/probes/ssh",
                        "attributes": {
                            "id": "/subscriptions/d47f1af8-9795-4e86-bbce-da72cfd0f8ec/resourceGroups/AzureHUB/providers/Microsoft.Network/loadBalancers/Internal-LB/probes/ssh",
                            "interval_in_seconds": "5",
                            "load_balancer_rules.#": "1",
                            "load_balancer_rules.1224951645": "/subscriptions/d47f1af8-9795-4e86-bbce-da72cfd0f8ec/resourceGroups/AzureHUB/providers/Microsoft.Network/loadBalancers/Internal-LB/loadBalancingRules/HA",
                            "loadbalancer_id": "/subscriptions/d47f1af8-9795-4e86-bbce-da72cfd0f8ec/resourceGroups/AzureHUB/providers/Microsoft.Network/loadBalancers/Internal-LB",
                            "name": "ssh",
                            "number_of_probes": "2",
                            "port": "22",
                            "protocol": "Tcp",
                            "request_path": "",
                            "resource_group_name": "AzureHUB"
                        },
                        "meta": {},
                        "tainted": false
                    },
                    "deposed": [],
                    "provider": "provider.azurerm"
                },
                "azurerm_lb_rule.azlb": {
                    "type": "azurerm_lb_rule",
                    "depends_on": [
                        "azurerm_lb.azlb",
                        "azurerm_lb_backend_address_pool.lbback",
                        "azurerm_lb_probe.azlb",
                        "azurerm_lb_probe.azlb.*",
                        "azurerm_resource_group.azlb"
                    ],
                    "primary": {
                        "id": "/subscriptions/d47f1af8-9795-4e86-bbce-da72cfd0f8ec/resourceGroups/AzureHUB/providers/Microsoft.Network/loadBalancers/Internal-LB/loadBalancingRules/HA",
                        "attributes": {
                            "backend_address_pool_id": "/subscriptions/d47f1af8-9795-4e86-bbce-da72cfd0f8ec/resourceGroups/AzureHUB/providers/Microsoft.Network/loadBalancers/Internal-LB/backendAddressPools/Trust",
                            "backend_port": "0",
                            "enable_floating_ip": "true",
                            "frontend_ip_configuration_id": "/subscriptions/d47f1af8-9795-4e86-bbce-da72cfd0f8ec/resourceGroups/AzureHUB/providers/Microsoft.Network/loadBalancers/Internal-LB/frontendIPConfigurations/Trust",
                            "frontend_ip_configuration_name": "Trust",
                            "frontend_port": "0",
                            "id": "/subscriptions/d47f1af8-9795-4e86-bbce-da72cfd0f8ec/resourceGroups/AzureHUB/providers/Microsoft.Network/loadBalancers/Internal-LB/loadBalancingRules/HA",
                            "idle_timeout_in_minutes": "5",
                            "load_distribution": "SourceIPProtocol",
                            "loadbalancer_id": "/subscriptions/d47f1af8-9795-4e86-bbce-da72cfd0f8ec/resourceGroups/AzureHUB/providers/Microsoft.Network/loadBalancers/Internal-LB",
                            "name": "HA",
                            "probe_id": "/subscriptions/d47f1af8-9795-4e86-bbce-da72cfd0f8ec/resourceGroups/AzureHUB/providers/Microsoft.Network/loadBalancers/Internal-LB/probes/ssh",
                            "protocol": "All",
                            "resource_group_name": "AzureHUB"
                        },
                        "meta": {},
                        "tainted": false
                    },
                    "deposed": [],
                    "provider": "provider.azurerm"
                },
                "azurerm_resource_group.azlb": {
                    "type": "azurerm_resource_group",
                    "depends_on": [],
                    "primary": {
                        "id": "/subscriptions/d47f1af8-9795-4e86-bbce-da72cfd0f8ec/resourceGroups/AzureHUB",
                        "attributes": {
                            "id": "/subscriptions/d47f1af8-9795-4e86-bbce-da72cfd0f8ec/resourceGroups/AzureHUB",
                            "location": "westus",
                            "name": "AzureHUB",
                            "tags.%": "1",
                            "tags.source": "terraform"
                        },
                        "meta": {},
                        "tainted": false
                    },
                    "deposed": [],
                    "provider": "provider.azurerm"
                }
            },
            "depends_on": []
        }
    ]
}
