{
    "version": 3,
    "terraform_version": "0.11.13",
    "serial": 4,
    "lineage": "b5579f63-7133-8a14-bbc4-49cb4c8032be",
    "modules": [
        {
            "path": [
                "root"
            ],
            "outputs": {},
            "resources": {},
            "depends_on": []
        },
        {
            "path": [
                "root",
                "AzureHUB"
            ],
            "outputs": {
                "resource_group_name": {
                    "sensitive": false,
                    "type": "string",
                    "value": "AzureHUB"
                },
                "vnet_address_space": {
                    "sensitive": false,
                    "type": "list",
                    "value": [
                        "10.217.130.0/24"
                    ]
                },
                "vnet_id": {
                    "sensitive": false,
                    "type": "string",
                    "value": "/subscriptions/d47f1af8-9795-4e86-bbce-da72cfd0f8ec/resourceGroups/AzureHUB/providers/Microsoft.Network/virtualNetworks/SternTransitVNet"
                },
                "vnet_location": {
                    "sensitive": false,
                    "type": "string",
                    "value": "westus"
                },
                "vnet_name": {
                    "sensitive": false,
                    "type": "string",
                    "value": "SternTransitVNet"
                },
                "vnet_subnet_prefixes": {
                    "sensitive": false,
                    "type": "list",
                    "value": [
                        "10.217.130.64/27",
                        "10.217.130.32/27",
                        "10.217.130.0/27"
                    ]
                },
                "vnet_subnets": {
                    "sensitive": false,
                    "type": "list",
                    "value": [
                        "/subscriptions/d47f1af8-9795-4e86-bbce-da72cfd0f8ec/resourceGroups/AzureHUB/providers/Microsoft.Network/virtualNetworks/SternTransitVNet/subnets/Management",
                        "/subscriptions/d47f1af8-9795-4e86-bbce-da72cfd0f8ec/resourceGroups/AzureHUB/providers/Microsoft.Network/virtualNetworks/SternTransitVNet/subnets/Trust",
                        "/subscriptions/d47f1af8-9795-4e86-bbce-da72cfd0f8ec/resourceGroups/AzureHUB/providers/Microsoft.Network/virtualNetworks/SternTransitVNet/subnets/Untrust"
                    ]
                }
            },
            "resources": {
                "azurerm_resource_group.vnet": {
                    "type": "azurerm_resource_group",
                    "depends_on": [],
                    "primary": {
                        "id": "/subscriptions/d47f1af8-9795-4e86-bbce-da72cfd0f8ec/resourceGroups/AzureHUB",
                        "attributes": {
                            "id": "/subscriptions/d47f1af8-9795-4e86-bbce-da72cfd0f8ec/resourceGroups/AzureHUB",
                            "location": "westus",
                            "name": "AzureHUB",
                            "tags.%": "0"
                        },
                        "meta": {},
                        "tainted": false
                    },
                    "deposed": [],
                    "provider": "provider.azurerm"
                },
                "azurerm_subnet.subnet.0": {
                    "type": "azurerm_subnet",
                    "depends_on": [
                        "azurerm_resource_group.vnet",
                        "azurerm_virtual_network.vnet"
                    ],
                    "primary": {
                        "id": "/subscriptions/d47f1af8-9795-4e86-bbce-da72cfd0f8ec/resourceGroups/AzureHUB/providers/Microsoft.Network/virtualNetworks/SternTransitVNet/subnets/Management",
                        "attributes": {
                            "address_prefix": "10.217.130.64/27",
                            "delegation.#": "0",
                            "id": "/subscriptions/d47f1af8-9795-4e86-bbce-da72cfd0f8ec/resourceGroups/AzureHUB/providers/Microsoft.Network/virtualNetworks/SternTransitVNet/subnets/Management",
                            "ip_configurations.#": "0",
                            "name": "Management",
                            "network_security_group_id": "",
                            "resource_group_name": "AzureHUB",
                            "route_table_id": "",
                            "service_endpoints.#": "0",
                            "virtual_network_name": "SternTransitVNet"
                        },
                        "meta": {},
                        "tainted": false
                    },
                    "deposed": [],
                    "provider": "provider.azurerm"
                },
                "azurerm_subnet.subnet.1": {
                    "type": "azurerm_subnet",
                    "depends_on": [
                        "azurerm_resource_group.vnet",
                        "azurerm_virtual_network.vnet"
                    ],
                    "primary": {
                        "id": "/subscriptions/d47f1af8-9795-4e86-bbce-da72cfd0f8ec/resourceGroups/AzureHUB/providers/Microsoft.Network/virtualNetworks/SternTransitVNet/subnets/Trust",
                        "attributes": {
                            "address_prefix": "10.217.130.32/27",
                            "delegation.#": "0",
                            "id": "/subscriptions/d47f1af8-9795-4e86-bbce-da72cfd0f8ec/resourceGroups/AzureHUB/providers/Microsoft.Network/virtualNetworks/SternTransitVNet/subnets/Trust",
                            "ip_configurations.#": "0",
                            "name": "Trust",
                            "network_security_group_id": "",
                            "resource_group_name": "AzureHUB",
                            "route_table_id": "",
                            "service_endpoints.#": "0",
                            "virtual_network_name": "SternTransitVNet"
                        },
                        "meta": {},
                        "tainted": false
                    },
                    "deposed": [],
                    "provider": "provider.azurerm"
                },
                "azurerm_subnet.subnet.2": {
                    "type": "azurerm_subnet",
                    "depends_on": [
                        "azurerm_resource_group.vnet",
                        "azurerm_virtual_network.vnet"
                    ],
                    "primary": {
                        "id": "/subscriptions/d47f1af8-9795-4e86-bbce-da72cfd0f8ec/resourceGroups/AzureHUB/providers/Microsoft.Network/virtualNetworks/SternTransitVNet/subnets/Untrust",
                        "attributes": {
                            "address_prefix": "10.217.130.0/27",
                            "delegation.#": "0",
                            "id": "/subscriptions/d47f1af8-9795-4e86-bbce-da72cfd0f8ec/resourceGroups/AzureHUB/providers/Microsoft.Network/virtualNetworks/SternTransitVNet/subnets/Untrust",
                            "ip_configurations.#": "0",
                            "name": "Untrust",
                            "network_security_group_id": "",
                            "resource_group_name": "AzureHUB",
                            "route_table_id": "",
                            "service_endpoints.#": "0",
                            "virtual_network_name": "SternTransitVNet"
                        },
                        "meta": {},
                        "tainted": false
                    },
                    "deposed": [],
                    "provider": "provider.azurerm"
                },
                "azurerm_virtual_network.vnet": {
                    "type": "azurerm_virtual_network",
                    "depends_on": [
                        "azurerm_resource_group.vnet"
                    ],
                    "primary": {
                        "id": "/subscriptions/d47f1af8-9795-4e86-bbce-da72cfd0f8ec/resourceGroups/AzureHUB/providers/Microsoft.Network/virtualNetworks/SternTransitVNet",
                        "attributes": {
                            "address_space.#": "1",
                            "address_space.0": "10.217.130.0/24",
                            "ddos_protection_plan.#": "0",
                            "dns_servers.#": "0",
                            "id": "/subscriptions/d47f1af8-9795-4e86-bbce-da72cfd0f8ec/resourceGroups/AzureHUB/providers/Microsoft.Network/virtualNetworks/SternTransitVNet",
                            "location": "westus",
                            "name": "SternTransitVNet",
                            "resource_group_name": "AzureHUB",
                            "subnet.#": "3",
                            "subnet.3407113039.address_prefix": "10.217.130.32/27",
                            "subnet.3407113039.id": "/subscriptions/d47f1af8-9795-4e86-bbce-da72cfd0f8ec/resourceGroups/AzureHUB/providers/Microsoft.Network/virtualNetworks/SternTransitVNet/subnets/Trust",
                            "subnet.3407113039.name": "Trust",
                            "subnet.3407113039.security_group": "",
                            "subnet.3593024582.address_prefix": "10.217.130.0/27",
                            "subnet.3593024582.id": "/subscriptions/d47f1af8-9795-4e86-bbce-da72cfd0f8ec/resourceGroups/AzureHUB/providers/Microsoft.Network/virtualNetworks/SternTransitVNet/subnets/Untrust",
                            "subnet.3593024582.name": "Untrust",
                            "subnet.3593024582.security_group": "",
                            "subnet.705569513.address_prefix": "10.217.130.64/27",
                            "subnet.705569513.id": "/subscriptions/d47f1af8-9795-4e86-bbce-da72cfd0f8ec/resourceGroups/AzureHUB/providers/Microsoft.Network/virtualNetworks/SternTransitVNet/subnets/Management",
                            "subnet.705569513.name": "Management",
                            "subnet.705569513.security_group": "",
                            "tags.%": "0"
                        },
                        "meta": {},
                        "tainted": false
                    },
                    "deposed": [],
                    "provider": "provider.azurerm"
                }
            },
            "depends_on": []
        },
        {
            "path": [
                "root",
                "AzureSpoke"
            ],
            "outputs": {
                "resource_group_name": {
                    "sensitive": false,
                    "type": "string",
                    "value": "AzureSpoke"
                },
                "vnet_address_space": {
                    "sensitive": false,
                    "type": "list",
                    "value": [
                        "172.16.130.0/24"
                    ]
                },
                "vnet_id": {
                    "sensitive": false,
                    "type": "string",
                    "value": "/subscriptions/d47f1af8-9795-4e86-bbce-da72cfd0f8ec/resourceGroups/AzureSpoke/providers/Microsoft.Network/virtualNetworks/TorstenWebVNet"
                },
                "vnet_location": {
                    "sensitive": false,
                    "type": "string",
                    "value": "westus"
                },
                "vnet_name": {
                    "sensitive": false,
                    "type": "string",
                    "value": "TorstenWebVNet"
                },
                "vnet_subnet_prefixes": {
                    "sensitive": false,
                    "type": "list",
                    "value": [
                        "172.16.130.0/26",
                        "172.16.130.64/26",
                        "172.16.130.128/26"
                    ]
                },
                "vnet_subnets": {
                    "sensitive": false,
                    "type": "list",
                    "value": [
                        "/subscriptions/d47f1af8-9795-4e86-bbce-da72cfd0f8ec/resourceGroups/AzureSpoke/providers/Microsoft.Network/virtualNetworks/TorstenWebVNet/subnets/Webserver",
                        "/subscriptions/d47f1af8-9795-4e86-bbce-da72cfd0f8ec/resourceGroups/AzureSpoke/providers/Microsoft.Network/virtualNetworks/TorstenWebVNet/subnets/DB",
                        "/subscriptions/d47f1af8-9795-4e86-bbce-da72cfd0f8ec/resourceGroups/AzureSpoke/providers/Microsoft.Network/virtualNetworks/TorstenWebVNet/subnets/Test"
                    ]
                }
            },
            "resources": {
                "azurerm_resource_group.vnet": {
                    "type": "azurerm_resource_group",
                    "depends_on": [],
                    "primary": {
                        "id": "/subscriptions/d47f1af8-9795-4e86-bbce-da72cfd0f8ec/resourceGroups/AzureSpoke",
                        "attributes": {
                            "id": "/subscriptions/d47f1af8-9795-4e86-bbce-da72cfd0f8ec/resourceGroups/AzureSpoke",
                            "location": "westus",
                            "name": "AzureSpoke",
                            "tags.%": "0"
                        },
                        "meta": {},
                        "tainted": false
                    },
                    "deposed": [],
                    "provider": "provider.azurerm"
                },
                "azurerm_subnet.subnet.0": {
                    "type": "azurerm_subnet",
                    "depends_on": [
                        "azurerm_resource_group.vnet",
                        "azurerm_virtual_network.vnet"
                    ],
                    "primary": {
                        "id": "/subscriptions/d47f1af8-9795-4e86-bbce-da72cfd0f8ec/resourceGroups/AzureSpoke/providers/Microsoft.Network/virtualNetworks/TorstenWebVNet/subnets/Webserver",
                        "attributes": {
                            "address_prefix": "172.16.130.0/26",
                            "delegation.#": "0",
                            "id": "/subscriptions/d47f1af8-9795-4e86-bbce-da72cfd0f8ec/resourceGroups/AzureSpoke/providers/Microsoft.Network/virtualNetworks/TorstenWebVNet/subnets/Webserver",
                            "ip_configurations.#": "0",
                            "name": "Webserver",
                            "network_security_group_id": "",
                            "resource_group_name": "AzureSpoke",
                            "route_table_id": "",
                            "service_endpoints.#": "0",
                            "virtual_network_name": "TorstenWebVNet"
                        },
                        "meta": {},
                        "tainted": false
                    },
                    "deposed": [],
                    "provider": "provider.azurerm"
                },
                "azurerm_subnet.subnet.1": {
                    "type": "azurerm_subnet",
                    "depends_on": [
                        "azurerm_resource_group.vnet",
                        "azurerm_virtual_network.vnet"
                    ],
                    "primary": {
                        "id": "/subscriptions/d47f1af8-9795-4e86-bbce-da72cfd0f8ec/resourceGroups/AzureSpoke/providers/Microsoft.Network/virtualNetworks/TorstenWebVNet/subnets/DB",
                        "attributes": {
                            "address_prefix": "172.16.130.64/26",
                            "delegation.#": "0",
                            "id": "/subscriptions/d47f1af8-9795-4e86-bbce-da72cfd0f8ec/resourceGroups/AzureSpoke/providers/Microsoft.Network/virtualNetworks/TorstenWebVNet/subnets/DB",
                            "ip_configurations.#": "0",
                            "name": "DB",
                            "network_security_group_id": "",
                            "resource_group_name": "AzureSpoke",
                            "route_table_id": "",
                            "service_endpoints.#": "0",
                            "virtual_network_name": "TorstenWebVNet"
                        },
                        "meta": {},
                        "tainted": false
                    },
                    "deposed": [],
                    "provider": "provider.azurerm"
                },
                "azurerm_subnet.subnet.2": {
                    "type": "azurerm_subnet",
                    "depends_on": [
                        "azurerm_resource_group.vnet",
                        "azurerm_virtual_network.vnet"
                    ],
                    "primary": {
                        "id": "/subscriptions/d47f1af8-9795-4e86-bbce-da72cfd0f8ec/resourceGroups/AzureSpoke/providers/Microsoft.Network/virtualNetworks/TorstenWebVNet/subnets/Test",
                        "attributes": {
                            "address_prefix": "172.16.130.128/26",
                            "delegation.#": "0",
                            "id": "/subscriptions/d47f1af8-9795-4e86-bbce-da72cfd0f8ec/resourceGroups/AzureSpoke/providers/Microsoft.Network/virtualNetworks/TorstenWebVNet/subnets/Test",
                            "ip_configurations.#": "0",
                            "name": "Test",
                            "network_security_group_id": "",
                            "resource_group_name": "AzureSpoke",
                            "route_table_id": "",
                            "service_endpoints.#": "0",
                            "virtual_network_name": "TorstenWebVNet"
                        },
                        "meta": {},
                        "tainted": false
                    },
                    "deposed": [],
                    "provider": "provider.azurerm"
                },
                "azurerm_virtual_network.vnet": {
                    "type": "azurerm_virtual_network",
                    "depends_on": [
                        "azurerm_resource_group.vnet"
                    ],
                    "primary": {
                        "id": "/subscriptions/d47f1af8-9795-4e86-bbce-da72cfd0f8ec/resourceGroups/AzureSpoke/providers/Microsoft.Network/virtualNetworks/TorstenWebVNet",
                        "attributes": {
                            "address_space.#": "1",
                            "address_space.0": "172.16.130.0/24",
                            "ddos_protection_plan.#": "0",
                            "dns_servers.#": "0",
                            "id": "/subscriptions/d47f1af8-9795-4e86-bbce-da72cfd0f8ec/resourceGroups/AzureSpoke/providers/Microsoft.Network/virtualNetworks/TorstenWebVNet",
                            "location": "westus",
                            "name": "TorstenWebVNet",
                            "resource_group_name": "AzureSpoke",
                            "subnet.#": "0",
                            "tags.%": "0"
                        },
                        "meta": {},
                        "tainted": false
                    },
                    "deposed": [],
                    "provider": "provider.azurerm"
                }
            },
            "depends_on": []
        },
        {
            "path": [
                "root",
                "External-LB"
            ],
            "outputs": {
                "azurerm.azlb.load_distribution": {
                    "sensitive": false,
                    "type": "list",
                    "value": [
                        "SourceIPProtocol"
                    ]
                },
                "azurerm_lb_backend_address_pool_id": {
                    "sensitive": false,
                    "type": "string",
                    "value": "/subscriptions/d47f1af8-9795-4e86-bbce-da72cfd0f8ec/resourceGroups/AzureHUB/providers/Microsoft.Network/loadBalancers/External-LB/backendAddressPools/Untrust"
                },
                "azurerm_lb_frontend_ip_configuration": {
                    "sensitive": false,
                    "type": "list",
                    "value": [
                        {
                            "inbound_nat_rules": [],
                            "load_balancer_rules": [],
                            "name": "Untrust",
                            "outbound_rules": [],
                            "private_ip_address": "",
                            "private_ip_address_allocation": "Dynamic",
                            "public_ip_address_id": "/subscriptions/d47f1af8-9795-4e86-bbce-da72cfd0f8ec/resourceGroups/AzureHUB/providers/Microsoft.Network/publicIPAddresses/External-LB-publicIP",
                            "subnet_id": "",
                            "zones": []
                        }
                    ]
                },
                "azurerm_lb_id": {
                    "sensitive": false,
                    "type": "string",
                    "value": "/subscriptions/d47f1af8-9795-4e86-bbce-da72cfd0f8ec/resourceGroups/AzureHUB/providers/Microsoft.Network/loadBalancers/External-LB"
                },
                "azurerm_lb_probe_ids": {
                    "sensitive": false,
                    "type": "list",
                    "value": [
                        "/subscriptions/d47f1af8-9795-4e86-bbce-da72cfd0f8ec/resourceGroups/AzureHUB/providers/Microsoft.Network/loadBalancers/External-LB/probes/TCP-22"
                    ]
                },
                "azurerm_public_ip_address": {
                    "sensitive": false,
                    "type": "list",
                    "value": [
                        "13.86.232.176"
                    ]
                },
                "azurerm_public_ip_id": {
                    "sensitive": false,
                    "type": "list",
                    "value": [
                        "/subscriptions/d47f1af8-9795-4e86-bbce-da72cfd0f8ec/resourceGroups/AzureHUB/providers/Microsoft.Network/publicIPAddresses/External-LB-publicIP"
                    ]
                },
                "azurerm_resource_group_name": {
                    "sensitive": false,
                    "type": "string",
                    "value": "AzureHUB"
                },
                "azurerm_resource_group_tags": {
                    "sensitive": false,
                    "type": "map",
                    "value": {
                        "source": "terraform"
                    }
                },
                "lb_frontend_private_ip": {
                    "sensitive": false,
                    "type": "string",
                    "value": ""
                }
            },
            "resources": {
                "azurerm_lb.azlb": {
                    "type": "azurerm_lb",
                    "depends_on": [
                        "azurerm_public_ip.azlb.*",
                        "azurerm_resource_group.azlb"
                    ],
                    "primary": {
                        "id": "/subscriptions/d47f1af8-9795-4e86-bbce-da72cfd0f8ec/resourceGroups/AzureHUB/providers/Microsoft.Network/loadBalancers/External-LB",
                        "attributes": {
                            "frontend_ip_configuration.#": "1",
                            "frontend_ip_configuration.0.inbound_nat_rules.#": "0",
                            "frontend_ip_configuration.0.load_balancer_rules.#": "0",
                            "frontend_ip_configuration.0.name": "Untrust",
                            "frontend_ip_configuration.0.outbound_rules.#": "0",
                            "frontend_ip_configuration.0.private_ip_address": "",
                            "frontend_ip_configuration.0.private_ip_address_allocation": "Dynamic",
                            "frontend_ip_configuration.0.public_ip_address_id": "/subscriptions/d47f1af8-9795-4e86-bbce-da72cfd0f8ec/resourceGroups/AzureHUB/providers/Microsoft.Network/publicIPAddresses/External-LB-publicIP",
                            "frontend_ip_configuration.0.subnet_id": "",
                            "frontend_ip_configuration.0.zones.#": "0",
                            "id": "/subscriptions/d47f1af8-9795-4e86-bbce-da72cfd0f8ec/resourceGroups/AzureHUB/providers/Microsoft.Network/loadBalancers/External-LB",
                            "location": "westus",
                            "name": "External-LB",
                            "private_ip_address": "",
                            "private_ip_addresses.#": "0",
                            "resource_group_name": "AzureHUB",
                            "sku": "Standard",
                            "tags.%": "1",
                            "tags.source": "terraform"
                        },
                        "meta": {},
                        "tainted": false
                    },
                    "deposed": [],
                    "provider": "provider.azurerm"
                },
                "azurerm_lb_backend_address_pool.lbback": {
                    "type": "azurerm_lb_backend_address_pool",
                    "depends_on": [
                        "azurerm_lb.azlb",
                        "azurerm_resource_group.azlb"
                    ],
                    "primary": {
                        "id": "/subscriptions/d47f1af8-9795-4e86-bbce-da72cfd0f8ec/resourceGroups/AzureHUB/providers/Microsoft.Network/loadBalancers/External-LB/backendAddressPools/Untrust",
                        "attributes": {
                            "backend_ip_configurations.#": "0",
                            "id": "/subscriptions/d47f1af8-9795-4e86-bbce-da72cfd0f8ec/resourceGroups/AzureHUB/providers/Microsoft.Network/loadBalancers/External-LB/backendAddressPools/Untrust",
                            "load_balancing_rules.#": "0",
                            "loadbalancer_id": "/subscriptions/d47f1af8-9795-4e86-bbce-da72cfd0f8ec/resourceGroups/AzureHUB/providers/Microsoft.Network/loadBalancers/External-LB",
                            "name": "Untrust",
                            "resource_group_name": "AzureHUB"
                        },
                        "meta": {},
                        "tainted": false
                    },
                    "deposed": [],
                    "provider": "provider.azurerm"
                },
                "azurerm_lb_probe.azlb": {
                    "type": "azurerm_lb_probe",
                    "depends_on": [
                        "azurerm_lb.azlb",
                        "azurerm_resource_group.azlb"
                    ],
                    "primary": {
                        "id": "/subscriptions/d47f1af8-9795-4e86-bbce-da72cfd0f8ec/resourceGroups/AzureHUB/providers/Microsoft.Network/loadBalancers/External-LB/probes/TCP-22",
                        "attributes": {
                            "id": "/subscriptions/d47f1af8-9795-4e86-bbce-da72cfd0f8ec/resourceGroups/AzureHUB/providers/Microsoft.Network/loadBalancers/External-LB/probes/TCP-22",
                            "interval_in_seconds": "5",
                            "load_balancer_rules.#": "0",
                            "loadbalancer_id": "/subscriptions/d47f1af8-9795-4e86-bbce-da72cfd0f8ec/resourceGroups/AzureHUB/providers/Microsoft.Network/loadBalancers/External-LB",
                            "name": "TCP-22",
                            "number_of_probes": "2",
                            "port": "22",
                            "protocol": "Tcp",
                            "request_path": "",
                            "resource_group_name": "AzureHUB"
                        },
                        "meta": {},
                        "tainted": false
                    },
                    "deposed": [],
                    "provider": "provider.azurerm"
                },
                "azurerm_lb_rule.azlb": {
                    "type": "azurerm_lb_rule",
                    "depends_on": [
                        "azurerm_lb.azlb",
                        "azurerm_lb_backend_address_pool.lbback",
                        "azurerm_lb_probe.azlb",
                        "azurerm_lb_probe.azlb.*",
                        "azurerm_resource_group.azlb"
                    ],
                    "primary": {
                        "id": "/subscriptions/d47f1af8-9795-4e86-bbce-da72cfd0f8ec/resourceGroups/AzureHUB/providers/Microsoft.Network/loadBalancers/External-LB/loadBalancingRules/TCP-22",
                        "attributes": {
                            "backend_address_pool_id": "/subscriptions/d47f1af8-9795-4e86-bbce-da72cfd0f8ec/resourceGroups/AzureHUB/providers/Microsoft.Network/loadBalancers/External-LB/backendAddressPools/Untrust",
                            "backend_port": "22",
                            "enable_floating_ip": "true",
                            "frontend_ip_configuration_id": "/subscriptions/d47f1af8-9795-4e86-bbce-da72cfd0f8ec/resourceGroups/AzureHUB/providers/Microsoft.Network/loadBalancers/External-LB/frontendIPConfigurations/Untrust",
                            "frontend_ip_configuration_name": "Untrust",
                            "frontend_port": "22",
                            "id": "/subscriptions/d47f1af8-9795-4e86-bbce-da72cfd0f8ec/resourceGroups/AzureHUB/providers/Microsoft.Network/loadBalancers/External-LB/loadBalancingRules/TCP-22",
                            "idle_timeout_in_minutes": "5",
                            "load_distribution": "SourceIPProtocol",
                            "loadbalancer_id": "/subscriptions/d47f1af8-9795-4e86-bbce-da72cfd0f8ec/resourceGroups/AzureHUB/providers/Microsoft.Network/loadBalancers/External-LB",
                            "name": "TCP-22",
                            "probe_id": "/subscriptions/d47f1af8-9795-4e86-bbce-da72cfd0f8ec/resourceGroups/AzureHUB/providers/Microsoft.Network/loadBalancers/External-LB/probes/TCP-22",
                            "protocol": "Tcp",
                            "resource_group_name": "AzureHUB"
                        },
                        "meta": {},
                        "tainted": false
                    },
                    "deposed": [],
                    "provider": "provider.azurerm"
                },
                "azurerm_public_ip.azlb": {
                    "type": "azurerm_public_ip",
                    "depends_on": [
                        "azurerm_resource_group.azlb"
                    ],
                    "primary": {
                        "id": "/subscriptions/d47f1af8-9795-4e86-bbce-da72cfd0f8ec/resourceGroups/AzureHUB/providers/Microsoft.Network/publicIPAddresses/External-LB-publicIP",
                        "attributes": {
                            "allocation_method": "Static",
                            "id": "/subscriptions/d47f1af8-9795-4e86-bbce-da72cfd0f8ec/resourceGroups/AzureHUB/providers/Microsoft.Network/publicIPAddresses/External-LB-publicIP",
                            "idle_timeout_in_minutes": "4",
                            "ip_address": "13.86.232.176",
                            "ip_version": "IPv4",
                            "location": "westus",
                            "name": "External-LB-publicIP",
                            "public_ip_address_allocation": "Static",
                            "resource_group_name": "AzureHUB",
                            "sku": "Standard",
                            "tags.%": "1",
                            "tags.displayname": "PublicNetworkinterfaces",
                            "zones.#": "0"
                        },
                        "meta": {},
                        "tainted": false
                    },
                    "deposed": [],
                    "provider": "provider.azurerm"
                },
                "azurerm_resource_group.azlb": {
                    "type": "azurerm_resource_group",
                    "depends_on": [],
                    "primary": {
                        "id": "/subscriptions/d47f1af8-9795-4e86-bbce-da72cfd0f8ec/resourceGroups/AzureHUB",
                        "attributes": {
                            "id": "/subscriptions/d47f1af8-9795-4e86-bbce-da72cfd0f8ec/resourceGroups/AzureHUB",
                            "location": "westus",
                            "name": "AzureHUB",
                            "tags.%": "1",
                            "tags.source": "terraform"
                        },
                        "meta": {},
                        "tainted": false
                    },
                    "deposed": [],
                    "provider": "provider.azurerm"
                }
            },
            "depends_on": []
        },
        {
            "path": [
                "root",
                "Internal-LB"
            ],
            "outputs": {
                "azurerm.azlb.load_distribution": {
                    "sensitive": false,
                    "type": "list",
                    "value": [
                        "SourceIPProtocol"
                    ]
                },
                "azurerm_lb_backend_address_pool_id": {
                    "sensitive": false,
                    "type": "string",
                    "value": "/subscriptions/d47f1af8-9795-4e86-bbce-da72cfd0f8ec/resourceGroups/AzureHUB/providers/Microsoft.Network/loadBalancers/Internal-LB/backendAddressPools/Trust"
                },
                "azurerm_lb_frontend_ip_configuration": {
                    "sensitive": false,
                    "type": "list",
                    "value": [
                        {
                            "inbound_nat_rules": [],
                            "load_balancer_rules": [],
                            "name": "Trust",
                            "outbound_rules": [],
                            "private_ip_address": "10.217.130.36",
                            "private_ip_address_allocation": "Dynamic",
                            "public_ip_address_id": "",
                            "subnet_id": "/subscriptions/d47f1af8-9795-4e86-bbce-da72cfd0f8ec/resourceGroups/AzureHUB/providers/Microsoft.Network/virtualNetworks/SternTransitVNet/subnets/Trust",
                            "zones": []
                        }
                    ]
                },
                "azurerm_lb_id": {
                    "sensitive": false,
                    "type": "string",
                    "value": "/subscriptions/d47f1af8-9795-4e86-bbce-da72cfd0f8ec/resourceGroups/AzureHUB/providers/Microsoft.Network/loadBalancers/Internal-LB"
                },
                "azurerm_lb_probe_ids": {
                    "sensitive": false,
                    "type": "list",
                    "value": [
                        "/subscriptions/d47f1af8-9795-4e86-bbce-da72cfd0f8ec/resourceGroups/AzureHUB/providers/Microsoft.Network/loadBalancers/Internal-LB/probes/ssh"
                    ]
                },
                "azurerm_public_ip_address": {
                    "sensitive": false,
                    "type": "list",
                    "value": []
                },
                "azurerm_public_ip_id": {
                    "sensitive": false,
                    "type": "list",
                    "value": []
                },
                "azurerm_resource_group_name": {
                    "sensitive": false,
                    "type": "string",
                    "value": "AzureHUB"
                },
                "azurerm_resource_group_tags": {
                    "sensitive": false,
                    "type": "map",
                    "value": {
                        "source": "terraform"
                    }
                },
                "lb_frontend_private_ip": {
                    "sensitive": false,
                    "type": "string",
                    "value": "10.217.130.36"
                }
            },
            "resources": {
                "azurerm_lb.azlb": {
                    "type": "azurerm_lb",
                    "depends_on": [
                        "azurerm_public_ip.azlb.*",
                        "azurerm_resource_group.azlb"
                    ],
                    "primary": {
                        "id": "/subscriptions/d47f1af8-9795-4e86-bbce-da72cfd0f8ec/resourceGroups/AzureHUB/providers/Microsoft.Network/loadBalancers/Internal-LB",
                        "attributes": {
                            "frontend_ip_configuration.#": "1",
                            "frontend_ip_configuration.0.inbound_nat_rules.#": "0",
                            "frontend_ip_configuration.0.load_balancer_rules.#": "0",
                            "frontend_ip_configuration.0.name": "Trust",
                            "frontend_ip_configuration.0.outbound_rules.#": "0",
                            "frontend_ip_configuration.0.private_ip_address": "10.217.130.36",
                            "frontend_ip_configuration.0.private_ip_address_allocation": "Dynamic",
                            "frontend_ip_configuration.0.public_ip_address_id": "",
                            "frontend_ip_configuration.0.subnet_id": "/subscriptions/d47f1af8-9795-4e86-bbce-da72cfd0f8ec/resourceGroups/AzureHUB/providers/Microsoft.Network/virtualNetworks/SternTransitVNet/subnets/Trust",
                            "frontend_ip_configuration.0.zones.#": "0",
                            "id": "/subscriptions/d47f1af8-9795-4e86-bbce-da72cfd0f8ec/resourceGroups/AzureHUB/providers/Microsoft.Network/loadBalancers/Internal-LB",
                            "location": "westus",
                            "name": "Internal-LB",
                            "private_ip_address": "10.217.130.36",
                            "private_ip_addresses.#": "1",
                            "private_ip_addresses.0": "10.217.130.36",
                            "resource_group_name": "AzureHUB",
                            "sku": "Standard",
                            "tags.%": "1",
                            "tags.source": "terraform"
                        },
                        "meta": {},
                        "tainted": false
                    },
                    "deposed": [],
                    "provider": "provider.azurerm"
                },
                "azurerm_lb_backend_address_pool.lbback": {
                    "type": "azurerm_lb_backend_address_pool",
                    "depends_on": [
                        "azurerm_lb.azlb",
                        "azurerm_resource_group.azlb"
                    ],
                    "primary": {
                        "id": "/subscriptions/d47f1af8-9795-4e86-bbce-da72cfd0f8ec/resourceGroups/AzureHUB/providers/Microsoft.Network/loadBalancers/Internal-LB/backendAddressPools/Trust",
                        "attributes": {
                            "backend_ip_configurations.#": "0",
                            "id": "/subscriptions/d47f1af8-9795-4e86-bbce-da72cfd0f8ec/resourceGroups/AzureHUB/providers/Microsoft.Network/loadBalancers/Internal-LB/backendAddressPools/Trust",
                            "load_balancing_rules.#": "0",
                            "loadbalancer_id": "/subscriptions/d47f1af8-9795-4e86-bbce-da72cfd0f8ec/resourceGroups/AzureHUB/providers/Microsoft.Network/loadBalancers/Internal-LB",
                            "name": "Trust",
                            "resource_group_name": "AzureHUB"
                        },
                        "meta": {},
                        "tainted": false
                    },
                    "deposed": [],
                    "provider": "provider.azurerm"
                },
                "azurerm_lb_probe.azlb": {
                    "type": "azurerm_lb_probe",
                    "depends_on": [
                        "azurerm_lb.azlb",
                        "azurerm_resource_group.azlb"
                    ],
                    "primary": {
                        "id": "/subscriptions/d47f1af8-9795-4e86-bbce-da72cfd0f8ec/resourceGroups/AzureHUB/providers/Microsoft.Network/loadBalancers/Internal-LB/probes/ssh",
                        "attributes": {
                            "id": "/subscriptions/d47f1af8-9795-4e86-bbce-da72cfd0f8ec/resourceGroups/AzureHUB/providers/Microsoft.Network/loadBalancers/Internal-LB/probes/ssh",
                            "interval_in_seconds": "5",
                            "load_balancer_rules.#": "0",
                            "loadbalancer_id": "/subscriptions/d47f1af8-9795-4e86-bbce-da72cfd0f8ec/resourceGroups/AzureHUB/providers/Microsoft.Network/loadBalancers/Internal-LB",
                            "name": "ssh",
                            "number_of_probes": "2",
                            "port": "22",
                            "protocol": "Tcp",
                            "request_path": "",
                            "resource_group_name": "AzureHUB"
                        },
                        "meta": {},
                        "tainted": false
                    },
                    "deposed": [],
                    "provider": "provider.azurerm"
                },
                "azurerm_lb_rule.azlb": {
                    "type": "azurerm_lb_rule",
                    "depends_on": [
                        "azurerm_lb.azlb",
                        "azurerm_lb_backend_address_pool.lbback",
                        "azurerm_lb_probe.azlb",
                        "azurerm_lb_probe.azlb.*",
                        "azurerm_resource_group.azlb"
                    ],
                    "primary": {
                        "id": "/subscriptions/d47f1af8-9795-4e86-bbce-da72cfd0f8ec/resourceGroups/AzureHUB/providers/Microsoft.Network/loadBalancers/Internal-LB/loadBalancingRules/HA",
                        "attributes": {
                            "backend_address_pool_id": "/subscriptions/d47f1af8-9795-4e86-bbce-da72cfd0f8ec/resourceGroups/AzureHUB/providers/Microsoft.Network/loadBalancers/Internal-LB/backendAddressPools/Trust",
                            "backend_port": "0",
                            "enable_floating_ip": "true",
                            "frontend_ip_configuration_id": "/subscriptions/d47f1af8-9795-4e86-bbce-da72cfd0f8ec/resourceGroups/AzureHUB/providers/Microsoft.Network/loadBalancers/Internal-LB/frontendIPConfigurations/Trust",
                            "frontend_ip_configuration_name": "Trust",
                            "frontend_port": "0",
                            "id": "/subscriptions/d47f1af8-9795-4e86-bbce-da72cfd0f8ec/resourceGroups/AzureHUB/providers/Microsoft.Network/loadBalancers/Internal-LB/loadBalancingRules/HA",
                            "idle_timeout_in_minutes": "5",
                            "load_distribution": "SourceIPProtocol",
                            "loadbalancer_id": "/subscriptions/d47f1af8-9795-4e86-bbce-da72cfd0f8ec/resourceGroups/AzureHUB/providers/Microsoft.Network/loadBalancers/Internal-LB",
                            "name": "HA",
                            "probe_id": "/subscriptions/d47f1af8-9795-4e86-bbce-da72cfd0f8ec/resourceGroups/AzureHUB/providers/Microsoft.Network/loadBalancers/Internal-LB/probes/ssh",
                            "protocol": "All",
                            "resource_group_name": "AzureHUB"
                        },
                        "meta": {},
                        "tainted": false
                    },
                    "deposed": [],
                    "provider": "provider.azurerm"
                },
                "azurerm_resource_group.azlb": {
                    "type": "azurerm_resource_group",
                    "depends_on": [],
                    "primary": {
                        "id": "/subscriptions/d47f1af8-9795-4e86-bbce-da72cfd0f8ec/resourceGroups/AzureHUB",
                        "attributes": {
                            "id": "/subscriptions/d47f1af8-9795-4e86-bbce-da72cfd0f8ec/resourceGroups/AzureHUB",
                            "location": "westus",
                            "name": "AzureHUB",
                            "tags.%": "1",
                            "tags.source": "terraform"
                        },
                        "meta": {},
                        "tainted": false
                    },
                    "deposed": [],
                    "provider": "provider.azurerm"
                }
            },
            "depends_on": []
        }
    ]
}
